{
  "version": 4,
  "terraform_version": "0.12.23",
  "serial": 53,
  "lineage": "fbdb2094-1e77-4456-91c3-21d9b7a091fc",
  "outputs": {
    "cluster_endpoint": {
      "value": "https://90E794528281A25281D9F3762502DDB3.gr7.eu-central-1.eks.amazonaws.com",
      "type": "string"
    },
    "config_map_aws_auth": {
      "value": "apiVersion: v1\nkind: ConfigMap\nmetadata:\n  name: aws-auth\n  namespace: kube-system\ndata:\n  mapRoles: |\n    - rolearn: arn:aws:iam::766514749351:role/cloudskiff-eks-Q7YF9Qax20200311104945278600000005\n      username: system:node:{{EC2PrivateDNSName}}\n      groups:\n        - system:bootstrappers\n        - system:nodes\n\n  \n  \n  \n",
      "type": "string"
    },
    "kubectl_config": {
      "value": "apiVersion: v1\npreferences: {}\nkind: Config\n\nclusters:\n- cluster:\n    server: https://90E794528281A25281D9F3762502DDB3.gr7.eu-central-1.eks.amazonaws.com\n    certificate-authority-data: LS0tLS1CRUdJTiBDRVJUSUZJQ0FURS0tLS0tCk1JSUN5RENDQWJDZ0F3SUJBZ0lCQURBTkJna3Foa2lHOXcwQkFRc0ZBREFWTVJNd0VRWURWUVFERXdwcmRXSmwKY201bGRHVnpNQjRYRFRJd01ETXhNVEV3TkRjeU0xb1hEVE13TURNd09URXdORGN5TTFvd0ZURVRNQkVHQTFVRQpBeE1LYTNWaVpYSnVaWFJsY3pDQ0FTSXdEUVlKS29aSWh2Y05BUUVCQlFBRGdnRVBBRENDQVFvQ2dnRUJBSy8wCjNkSzlJYlRkNmExNHFwL2dsb1Y2NUxPdGU0ZVNPUDBDTHNVSFF5VUsvcDBCRW1iWDNKQWFWTDBOcmdyVXY4TnIKOVZIZFJWM2ozRTYxVTFCUnM5U2NXYVBzakMxbUFLMTJ2RjdTaUNEc3Nva1VLOHhhclJ2Z2JVOFRWNDRNK2M5MAo5RnNic0dXSU9Wb292MjZ4bEV6S0E5WEFIU1FlSUhOYzk0OU1TaGkzRzZjZjZodGFWNndSMlVERWdVV3FWU2F3CnRMbjh1UUFYeTNXTTJQMFkzNllGWHROOSs5MzNGRmFrSm5jbUZCRGNremFlU0E1TFFlNUcrbHFBQzl3dkxyWUsKS1ZyQmhmU2VjanlyVXB4anFUWXJCeEJSV2lsckY1R2FzaEpFRTVrbmd1djVxVFZIclE3Y0Y0SlBtZVpENTM2Rwp2VjZkVFpqYUU5cU5pU0dSUEprQ0F3RUFBYU1qTUNFd0RnWURWUjBQQVFIL0JBUURBZ0trTUE4R0ExVWRFd0VCCi93UUZNQU1CQWY4d0RRWUpLb1pJaHZjTkFRRUxCUUFEZ2dFQkFFQ2FtYUFIeklaNEE5SGt3cnhrQXVaUE9tOEwKSEhUeGhmcUo4bUZvMnZPSFdEdmpOcWdJbHN6TXhCanowZ3FlQ0lhRVc0TVYzZW1taGVlTHJRd0xsamdhR2toWgpRL1IzMGlUMUNnb2VWR3MzRTN1QStpTHZPTHdsbk04cmw5MkdYOHFBV2VTMittZ2Zjd0NDM0YwV1h3c2tyekJ5CmRiMWVibW5wYXhQbUJGMW5veUZaVDlNandqSFRxNnVqZUErSWI1enFldWgya1l4MElCWFFaUmdLZmFHcUhuazgKdEZIWGhsV2FyeUY4REh5clRXbGplL2owNDAyaFJuRzd4YVI5QVZIcEQyVHFycVg2aHhJTHpsTUNjQ0M2Q2VTRQpPb1dHaElzSnVpZm0vUjRYRG5YdzlZNWNJemhsb1FMckRidEduNUhCME5SS3g3K0tTbmV6ejZCejJNdz0KLS0tLS1FTkQgQ0VSVElGSUNBVEUtLS0tLQo=\n  name: eks_cloudskiff-eks-Q7YF9Qax\n\ncontexts:\n- context:\n    cluster: eks_cloudskiff-eks-Q7YF9Qax\n    user: eks_cloudskiff-eks-Q7YF9Qax\n  name: eks_cloudskiff-eks-Q7YF9Qax\n\ncurrent-context: eks_cloudskiff-eks-Q7YF9Qax\n\nusers:\n- name: eks_cloudskiff-eks-Q7YF9Qax\n  user:\n    exec:\n      apiVersion: client.authentication.k8s.io/v1alpha1\n      command: aws-iam-authenticator\n      args:\n        - \"token\"\n        - \"-i\"\n        - \"cloudskiff-eks-Q7YF9Qax\"\n\n\n",
      "type": "string"
    },
    "region": {
      "value": "eu-central-1",
      "type": "string"
    }
  },
  "resources": [
    {
      "module": "module.cluster-1",
      "mode": "data",
      "type": "aws_ami",
      "name": "eks_worker",
      "provider": "provider.aws",
      "instances": [
        {
          "schema_version": 0,
          "attributes": {
            "architecture": "x86_64",
            "block_device_mappings": [
              {
                "device_name": "/dev/xvda",
                "ebs": {
                  "delete_on_termination": "true",
                  "encrypted": "false",
                  "iops": "0",
                  "snapshot_id": "snap-0a7e4f0da19a1460f",
                  "volume_size": "20",
                  "volume_type": "gp2"
                },
                "no_device": "",
                "virtual_name": ""
              }
            ],
            "creation_date": "2020-02-29T19:57:40.000Z",
            "description": "EKS Kubernetes Worker AMI with AmazonLinux2 image, (k8s: 1.14.9, docker:18.09.9ce-2.amzn2)",
            "executable_users": null,
            "filter": [
              {
                "name": "name",
                "values": [
                  "amazon-eks-node-1.14-v*"
                ]
              }
            ],
            "hypervisor": "xen",
            "id": "ami-04ff680b843305fef",
            "image_id": "ami-04ff680b843305fef",
            "image_location": "amazon/amazon-eks-node-1.14-v20200228",
            "image_owner_alias": "amazon",
            "image_type": "machine",
            "kernel_id": null,
            "most_recent": true,
            "name": "amazon-eks-node-1.14-v20200228",
            "name_regex": null,
            "owner_id": "602401143452",
            "owners": [
              "602401143452"
            ],
            "platform": null,
            "product_codes": [],
            "public": true,
            "ramdisk_id": null,
            "root_device_name": "/dev/xvda",
            "root_device_type": "ebs",
            "root_snapshot_id": "snap-0a7e4f0da19a1460f",
            "sriov_net_support": "simple",
            "state": "available",
            "state_reason": {
              "code": "UNSET",
              "message": "UNSET"
            },
            "tags": {},
            "virtualization_type": "hvm"
          }
        }
      ]
    },
    {
      "module": "module.cluster-1",
      "mode": "data",
      "type": "aws_ami",
      "name": "eks_worker_windows",
      "provider": "provider.aws",
      "instances": [
        {
          "schema_version": 0,
          "attributes": {
            "architecture": "x86_64",
            "block_device_mappings": [
              {
                "device_name": "/dev/sda1",
                "ebs": {
                  "delete_on_termination": "true",
                  "encrypted": "false",
                  "iops": "0",
                  "snapshot_id": "snap-0da050fde0c53b86a",
                  "volume_size": "50",
                  "volume_type": "gp2"
                },
                "no_device": "",
                "virtual_name": ""
              },
              {
                "device_name": "xvdca",
                "ebs": {},
                "no_device": "",
                "virtual_name": "ephemeral0"
              },
              {
                "device_name": "xvdcb",
                "ebs": {},
                "no_device": "",
                "virtual_name": "ephemeral1"
              },
              {
                "device_name": "xvdcc",
                "ebs": {},
                "no_device": "",
                "virtual_name": "ephemeral2"
              },
              {
                "device_name": "xvdcd",
                "ebs": {},
                "no_device": "",
                "virtual_name": "ephemeral3"
              },
              {
                "device_name": "xvdce",
                "ebs": {},
                "no_device": "",
                "virtual_name": "ephemeral4"
              },
              {
                "device_name": "xvdcf",
                "ebs": {},
                "no_device": "",
                "virtual_name": "ephemeral5"
              },
              {
                "device_name": "xvdcg",
                "ebs": {},
                "no_device": "",
                "virtual_name": "ephemeral6"
              },
              {
                "device_name": "xvdch",
                "ebs": {},
                "no_device": "",
                "virtual_name": "ephemeral7"
              },
              {
                "device_name": "xvdci",
                "ebs": {},
                "no_device": "",
                "virtual_name": "ephemeral8"
              },
              {
                "device_name": "xvdcj",
                "ebs": {},
                "no_device": "",
                "virtual_name": "ephemeral9"
              },
              {
                "device_name": "xvdck",
                "ebs": {},
                "no_device": "",
                "virtual_name": "ephemeral10"
              },
              {
                "device_name": "xvdcl",
                "ebs": {},
                "no_device": "",
                "virtual_name": "ephemeral11"
              },
              {
                "device_name": "xvdcm",
                "ebs": {},
                "no_device": "",
                "virtual_name": "ephemeral12"
              },
              {
                "device_name": "xvdcn",
                "ebs": {},
                "no_device": "",
                "virtual_name": "ephemeral13"
              },
              {
                "device_name": "xvdco",
                "ebs": {},
                "no_device": "",
                "virtual_name": "ephemeral14"
              },
              {
                "device_name": "xvdcp",
                "ebs": {},
                "no_device": "",
                "virtual_name": "ephemeral15"
              },
              {
                "device_name": "xvdcq",
                "ebs": {},
                "no_device": "",
                "virtual_name": "ephemeral16"
              },
              {
                "device_name": "xvdcr",
                "ebs": {},
                "no_device": "",
                "virtual_name": "ephemeral17"
              },
              {
                "device_name": "xvdcs",
                "ebs": {},
                "no_device": "",
                "virtual_name": "ephemeral18"
              },
              {
                "device_name": "xvdct",
                "ebs": {},
                "no_device": "",
                "virtual_name": "ephemeral19"
              },
              {
                "device_name": "xvdcu",
                "ebs": {},
                "no_device": "",
                "virtual_name": "ephemeral20"
              },
              {
                "device_name": "xvdcv",
                "ebs": {},
                "no_device": "",
                "virtual_name": "ephemeral21"
              },
              {
                "device_name": "xvdcw",
                "ebs": {},
                "no_device": "",
                "virtual_name": "ephemeral22"
              },
              {
                "device_name": "xvdcx",
                "ebs": {},
                "no_device": "",
                "virtual_name": "ephemeral23"
              },
              {
                "device_name": "xvdcy",
                "ebs": {},
                "no_device": "",
                "virtual_name": "ephemeral24"
              },
              {
                "device_name": "xvdcz",
                "ebs": {},
                "no_device": "",
                "virtual_name": "ephemeral25"
              }
            ],
            "creation_date": "2020-01-15T08:19:14.000Z",
            "description": "Microsoft Windows Server 2019 Core optimized for EKS and provided by Amazon",
            "executable_users": null,
            "filter": [
              {
                "name": "name",
                "values": [
                  "Windows_Server-2019-English-Core-EKS_Optimized-1.14-*"
                ]
              },
              {
                "name": "platform",
                "values": [
                  "windows"
                ]
              }
            ],
            "hypervisor": "xen",
            "id": "ami-04db6e30b895840cd",
            "image_id": "ami-04db6e30b895840cd",
            "image_location": "amazon/Windows_Server-2019-English-Core-EKS_Optimized-1.14-2020.01.15",
            "image_owner_alias": "amazon",
            "image_type": "machine",
            "kernel_id": null,
            "most_recent": true,
            "name": "Windows_Server-2019-English-Core-EKS_Optimized-1.14-2020.01.15",
            "name_regex": null,
            "owner_id": "801119661308",
            "owners": [
              "801119661308"
            ],
            "platform": "windows",
            "product_codes": [],
            "public": true,
            "ramdisk_id": null,
            "root_device_name": "/dev/sda1",
            "root_device_type": "ebs",
            "root_snapshot_id": "snap-0da050fde0c53b86a",
            "sriov_net_support": "simple",
            "state": "available",
            "state_reason": {
              "code": "UNSET",
              "message": "UNSET"
            },
            "tags": {},
            "virtualization_type": "hvm"
          }
        }
      ]
    },
    {
      "mode": "data",
      "type": "aws_availability_zones",
      "name": "available",
      "provider": "provider.aws",
      "instances": [
        {
          "schema_version": 0,
          "attributes": {
            "blacklisted_names": null,
            "blacklisted_zone_ids": null,
            "id": "2020-03-11 10:40:23.687664822 +0000 UTC",
            "names": [
              "eu-central-1a",
              "eu-central-1b",
              "eu-central-1c"
            ],
            "state": null,
            "zone_ids": [
              "euc1-az2",
              "euc1-az3",
              "euc1-az1"
            ]
          }
        }
      ]
    },
    {
      "module": "module.cluster-1",
      "mode": "data",
      "type": "aws_caller_identity",
      "name": "current",
      "provider": "provider.aws",
      "instances": [
        {
          "schema_version": 0,
          "attributes": {
            "account_id": "766514749351",
            "arn": "arn:aws:iam::766514749351:user/cloudskiff",
            "id": "2020-03-11 10:40:24.022767354 +0000 UTC",
            "user_id": "AIDA3E56W36T66XZHZVMU"
          }
        }
      ]
    },
    {
      "module": "module.cluster-1",
      "mode": "data",
      "type": "aws_iam_instance_profile",
      "name": "custom_worker_group_iam_instance_profile",
      "each": "list",
      "provider": "provider.aws",
      "instances": []
    },
    {
      "module": "module.cluster-1",
      "mode": "data",
      "type": "aws_iam_instance_profile",
      "name": "custom_worker_group_launch_template_iam_instance_profile",
      "each": "list",
      "provider": "provider.aws",
      "instances": []
    },
    {
      "module": "module.cluster-1",
      "mode": "data",
      "type": "aws_iam_policy_document",
      "name": "cluster_assume_role_policy",
      "provider": "provider.aws",
      "instances": [
        {
          "schema_version": 0,
          "attributes": {
            "id": "2764486067",
            "json": "{\n  \"Version\": \"2012-10-17\",\n  \"Statement\": [\n    {\n      \"Sid\": \"EKSClusterAssumeRole\",\n      \"Effect\": \"Allow\",\n      \"Action\": \"sts:AssumeRole\",\n      \"Principal\": {\n        \"Service\": \"eks.amazonaws.com\"\n      }\n    }\n  ]\n}",
            "override_json": null,
            "policy_id": null,
            "source_json": null,
            "statement": [
              {
                "actions": [
                  "sts:AssumeRole"
                ],
                "condition": [],
                "effect": "Allow",
                "not_actions": [],
                "not_principals": [],
                "not_resources": [],
                "principals": [
                  {
                    "identifiers": [
                      "eks.amazonaws.com"
                    ],
                    "type": "Service"
                  }
                ],
                "resources": [],
                "sid": "EKSClusterAssumeRole"
              }
            ],
            "version": "2012-10-17"
          }
        }
      ]
    },
    {
      "module": "module.cluster-1",
      "mode": "data",
      "type": "aws_iam_policy_document",
      "name": "worker_autoscaling",
      "provider": "provider.aws",
      "instances": [
        {
          "schema_version": 0,
          "attributes": {
            "id": "2605064728",
            "json": "{\n  \"Version\": \"2012-10-17\",\n  \"Statement\": [\n    {\n      \"Sid\": \"eksWorkerAutoscalingAll\",\n      \"Effect\": \"Allow\",\n      \"Action\": [\n        \"ec2:DescribeLaunchTemplateVersions\",\n        \"autoscaling:DescribeTags\",\n        \"autoscaling:DescribeLaunchConfigurations\",\n        \"autoscaling:DescribeAutoScalingInstances\",\n        \"autoscaling:DescribeAutoScalingGroups\"\n      ],\n      \"Resource\": \"*\"\n    },\n    {\n      \"Sid\": \"eksWorkerAutoscalingOwn\",\n      \"Effect\": \"Allow\",\n      \"Action\": [\n        \"autoscaling:UpdateAutoScalingGroup\",\n        \"autoscaling:TerminateInstanceInAutoScalingGroup\",\n        \"autoscaling:SetDesiredCapacity\"\n      ],\n      \"Resource\": \"*\",\n      \"Condition\": {\n        \"StringEquals\": {\n          \"autoscaling:ResourceTag/k8s.io/cluster-autoscaler/enabled\": \"true\",\n          \"autoscaling:ResourceTag/kubernetes.io/cluster/cloudskiff-eks-Q7YF9Qax\": \"owned\"\n        }\n      }\n    }\n  ]\n}",
            "override_json": null,
            "policy_id": null,
            "source_json": null,
            "statement": [
              {
                "actions": [
                  "autoscaling:DescribeAutoScalingGroups",
                  "autoscaling:DescribeAutoScalingInstances",
                  "autoscaling:DescribeLaunchConfigurations",
                  "autoscaling:DescribeTags",
                  "ec2:DescribeLaunchTemplateVersions"
                ],
                "condition": [],
                "effect": "Allow",
                "not_actions": [],
                "not_principals": [],
                "not_resources": [],
                "principals": [],
                "resources": [
                  "*"
                ],
                "sid": "eksWorkerAutoscalingAll"
              },
              {
                "actions": [
                  "autoscaling:SetDesiredCapacity",
                  "autoscaling:TerminateInstanceInAutoScalingGroup",
                  "autoscaling:UpdateAutoScalingGroup"
                ],
                "condition": [
                  {
                    "test": "StringEquals",
                    "values": [
                      "owned"
                    ],
                    "variable": "autoscaling:ResourceTag/kubernetes.io/cluster/cloudskiff-eks-Q7YF9Qax"
                  },
                  {
                    "test": "StringEquals",
                    "values": [
                      "true"
                    ],
                    "variable": "autoscaling:ResourceTag/k8s.io/cluster-autoscaler/enabled"
                  }
                ],
                "effect": "Allow",
                "not_actions": [],
                "not_principals": [],
                "not_resources": [],
                "principals": [],
                "resources": [
                  "*"
                ],
                "sid": "eksWorkerAutoscalingOwn"
              }
            ],
            "version": "2012-10-17"
          }
        }
      ]
    },
    {
      "module": "module.cluster-1",
      "mode": "data",
      "type": "aws_iam_policy_document",
      "name": "workers_assume_role_policy",
      "provider": "provider.aws",
      "instances": [
        {
          "schema_version": 0,
          "attributes": {
            "id": "3778018924",
            "json": "{\n  \"Version\": \"2012-10-17\",\n  \"Statement\": [\n    {\n      \"Sid\": \"EKSWorkerAssumeRole\",\n      \"Effect\": \"Allow\",\n      \"Action\": \"sts:AssumeRole\",\n      \"Principal\": {\n        \"Service\": \"ec2.amazonaws.com\"\n      }\n    }\n  ]\n}",
            "override_json": null,
            "policy_id": null,
            "source_json": null,
            "statement": [
              {
                "actions": [
                  "sts:AssumeRole"
                ],
                "condition": [],
                "effect": "Allow",
                "not_actions": [],
                "not_principals": [],
                "not_resources": [],
                "principals": [
                  {
                    "identifiers": [
                      "ec2.amazonaws.com"
                    ],
                    "type": "Service"
                  }
                ],
                "resources": [],
                "sid": "EKSWorkerAssumeRole"
              }
            ],
            "version": "2012-10-17"
          }
        }
      ]
    },
    {
      "module": "module.cluster-1",
      "mode": "data",
      "type": "aws_iam_role",
      "name": "custom_cluster_iam_role",
      "each": "list",
      "provider": "provider.aws",
      "instances": []
    },
    {
      "module": "module.vpc",
      "mode": "data",
      "type": "aws_vpc_endpoint_service",
      "name": "apigw",
      "each": "list",
      "provider": "provider.aws",
      "instances": []
    },
    {
      "module": "module.vpc",
      "mode": "data",
      "type": "aws_vpc_endpoint_service",
      "name": "appmesh_envoy_management",
      "each": "list",
      "provider": "provider.aws",
      "instances": []
    },
    {
      "module": "module.vpc",
      "mode": "data",
      "type": "aws_vpc_endpoint_service",
      "name": "appstream",
      "each": "list",
      "provider": "provider.aws",
      "instances": []
    },
    {
      "module": "module.vpc",
      "mode": "data",
      "type": "aws_vpc_endpoint_service",
      "name": "athena",
      "each": "list",
      "provider": "provider.aws",
      "instances": []
    },
    {
      "module": "module.vpc",
      "mode": "data",
      "type": "aws_vpc_endpoint_service",
      "name": "cloudformation",
      "each": "list",
      "provider": "provider.aws",
      "instances": []
    },
    {
      "module": "module.vpc",
      "mode": "data",
      "type": "aws_vpc_endpoint_service",
      "name": "cloudtrail",
      "each": "list",
      "provider": "provider.aws",
      "instances": []
    },
    {
      "module": "module.vpc",
      "mode": "data",
      "type": "aws_vpc_endpoint_service",
      "name": "codebuild",
      "each": "list",
      "provider": "provider.aws",
      "instances": []
    },
    {
      "module": "module.vpc",
      "mode": "data",
      "type": "aws_vpc_endpoint_service",
      "name": "codecommit",
      "each": "list",
      "provider": "provider.aws",
      "instances": []
    },
    {
      "module": "module.vpc",
      "mode": "data",
      "type": "aws_vpc_endpoint_service",
      "name": "codepipeline",
      "each": "list",
      "provider": "provider.aws",
      "instances": []
    },
    {
      "module": "module.vpc",
      "mode": "data",
      "type": "aws_vpc_endpoint_service",
      "name": "config",
      "each": "list",
      "provider": "provider.aws",
      "instances": []
    },
    {
      "module": "module.vpc",
      "mode": "data",
      "type": "aws_vpc_endpoint_service",
      "name": "dynamodb",
      "each": "list",
      "provider": "provider.aws",
      "instances": []
    },
    {
      "module": "module.vpc",
      "mode": "data",
      "type": "aws_vpc_endpoint_service",
      "name": "ec2",
      "each": "list",
      "provider": "provider.aws",
      "instances": []
    },
    {
      "module": "module.vpc",
      "mode": "data",
      "type": "aws_vpc_endpoint_service",
      "name": "ec2messages",
      "each": "list",
      "provider": "provider.aws",
      "instances": []
    },
    {
      "module": "module.vpc",
      "mode": "data",
      "type": "aws_vpc_endpoint_service",
      "name": "ecr_api",
      "each": "list",
      "provider": "provider.aws",
      "instances": []
    },
    {
      "module": "module.vpc",
      "mode": "data",
      "type": "aws_vpc_endpoint_service",
      "name": "ecr_dkr",
      "each": "list",
      "provider": "provider.aws",
      "instances": []
    },
    {
      "module": "module.vpc",
      "mode": "data",
      "type": "aws_vpc_endpoint_service",
      "name": "ecs",
      "each": "list",
      "provider": "provider.aws",
      "instances": []
    },
    {
      "module": "module.vpc",
      "mode": "data",
      "type": "aws_vpc_endpoint_service",
      "name": "ecs_agent",
      "each": "list",
      "provider": "provider.aws",
      "instances": []
    },
    {
      "module": "module.vpc",
      "mode": "data",
      "type": "aws_vpc_endpoint_service",
      "name": "ecs_telemetry",
      "each": "list",
      "provider": "provider.aws",
      "instances": []
    },
    {
      "module": "module.vpc",
      "mode": "data",
      "type": "aws_vpc_endpoint_service",
      "name": "elasticloadbalancing",
      "each": "list",
      "provider": "provider.aws",
      "instances": []
    },
    {
      "module": "module.vpc",
      "mode": "data",
      "type": "aws_vpc_endpoint_service",
      "name": "events",
      "each": "list",
      "provider": "provider.aws",
      "instances": []
    },
    {
      "module": "module.vpc",
      "mode": "data",
      "type": "aws_vpc_endpoint_service",
      "name": "git_codecommit",
      "each": "list",
      "provider": "provider.aws",
      "instances": []
    },
    {
      "module": "module.vpc",
      "mode": "data",
      "type": "aws_vpc_endpoint_service",
      "name": "glue",
      "each": "list",
      "provider": "provider.aws",
      "instances": []
    },
    {
      "module": "module.vpc",
      "mode": "data",
      "type": "aws_vpc_endpoint_service",
      "name": "kinesis_firehose",
      "each": "list",
      "provider": "provider.aws",
      "instances": []
    },
    {
      "module": "module.vpc",
      "mode": "data",
      "type": "aws_vpc_endpoint_service",
      "name": "kinesis_streams",
      "each": "list",
      "provider": "provider.aws",
      "instances": []
    },
    {
      "module": "module.vpc",
      "mode": "data",
      "type": "aws_vpc_endpoint_service",
      "name": "kms",
      "each": "list",
      "provider": "provider.aws",
      "instances": []
    },
    {
      "module": "module.vpc",
      "mode": "data",
      "type": "aws_vpc_endpoint_service",
      "name": "logs",
      "each": "list",
      "provider": "provider.aws",
      "instances": []
    },
    {
      "module": "module.vpc",
      "mode": "data",
      "type": "aws_vpc_endpoint_service",
      "name": "monitoring",
      "each": "list",
      "provider": "provider.aws",
      "instances": []
    },
    {
      "module": "module.vpc",
      "mode": "data",
      "type": "aws_vpc_endpoint_service",
      "name": "rekognition",
      "each": "list",
      "provider": "provider.aws",
      "instances": []
    },
    {
      "module": "module.vpc",
      "mode": "data",
      "type": "aws_vpc_endpoint_service",
      "name": "s3",
      "each": "list",
      "provider": "provider.aws",
      "instances": []
    },
    {
      "module": "module.vpc",
      "mode": "data",
      "type": "aws_vpc_endpoint_service",
      "name": "sagemaker_api",
      "each": "list",
      "provider": "provider.aws",
      "instances": []
    },
    {
      "module": "module.vpc",
      "mode": "data",
      "type": "aws_vpc_endpoint_service",
      "name": "sagemaker_notebook",
      "each": "list",
      "provider": "provider.aws",
      "instances": []
    },
    {
      "module": "module.vpc",
      "mode": "data",
      "type": "aws_vpc_endpoint_service",
      "name": "sagemaker_runtime",
      "each": "list",
      "provider": "provider.aws",
      "instances": []
    },
    {
      "module": "module.vpc",
      "mode": "data",
      "type": "aws_vpc_endpoint_service",
      "name": "secretsmanager",
      "each": "list",
      "provider": "provider.aws",
      "instances": []
    },
    {
      "module": "module.vpc",
      "mode": "data",
      "type": "aws_vpc_endpoint_service",
      "name": "servicecatalog",
      "each": "list",
      "provider": "provider.aws",
      "instances": []
    },
    {
      "module": "module.vpc",
      "mode": "data",
      "type": "aws_vpc_endpoint_service",
      "name": "sns",
      "each": "list",
      "provider": "provider.aws",
      "instances": []
    },
    {
      "module": "module.vpc",
      "mode": "data",
      "type": "aws_vpc_endpoint_service",
      "name": "sqs",
      "each": "list",
      "provider": "provider.aws",
      "instances": []
    },
    {
      "module": "module.vpc",
      "mode": "data",
      "type": "aws_vpc_endpoint_service",
      "name": "ssm",
      "each": "list",
      "provider": "provider.aws",
      "instances": []
    },
    {
      "module": "module.vpc",
      "mode": "data",
      "type": "aws_vpc_endpoint_service",
      "name": "ssmmessages",
      "each": "list",
      "provider": "provider.aws",
      "instances": []
    },
    {
      "module": "module.vpc",
      "mode": "data",
      "type": "aws_vpc_endpoint_service",
      "name": "storagegateway",
      "each": "list",
      "provider": "provider.aws",
      "instances": []
    },
    {
      "module": "module.vpc",
      "mode": "data",
      "type": "aws_vpc_endpoint_service",
      "name": "sts",
      "each": "list",
      "provider": "provider.aws",
      "instances": []
    },
    {
      "module": "module.vpc",
      "mode": "data",
      "type": "aws_vpc_endpoint_service",
      "name": "transfer",
      "each": "list",
      "provider": "provider.aws",
      "instances": []
    },
    {
      "module": "module.vpc",
      "mode": "data",
      "type": "aws_vpc_endpoint_service",
      "name": "transferserver",
      "each": "list",
      "provider": "provider.aws",
      "instances": []
    },
    {
      "module": "module.cluster-1",
      "mode": "data",
      "type": "template_file",
      "name": "aws_authenticator_env_variables",
      "each": "list",
      "provider": "provider.template",
      "instances": []
    },
    {
      "module": "module.cluster-1",
      "mode": "data",
      "type": "template_file",
      "name": "config_map_aws_auth",
      "provider": "provider.template",
      "instances": [
        {
          "schema_version": 0,
          "attributes": {
            "filename": null,
            "id": "1da347eb6467d5c8fad9f8864fd0a2426f4f992458fec6bb218f693a55bbb381",
            "rendered": "apiVersion: v1\nkind: ConfigMap\nmetadata:\n  name: aws-auth\n  namespace: kube-system\ndata:\n  mapRoles: |\n    - rolearn: arn:aws:iam::766514749351:role/cloudskiff-eks-Q7YF9Qax20200311104945278600000005\n      username: system:node:{{EC2PrivateDNSName}}\n      groups:\n        - system:bootstrappers\n        - system:nodes\n\n  \n  \n  \n",
            "template": "apiVersion: v1\nkind: ConfigMap\nmetadata:\n  name: aws-auth\n  namespace: kube-system\ndata:\n  mapRoles: |\n${worker_role_arn}\n  %{if chomp(map_roles) != \"[]\" }\n    ${indent(4, map_roles)}\n  %{ endif }\n  %{if chomp(map_users) != \"[]\" }\n  mapUsers: |\n    ${indent(4, map_users)}\n  %{ endif }\n  %{if chomp(map_accounts) != \"[]\" }\n  mapAccounts: |\n    ${indent(4, map_accounts)}\n  %{ endif }\n",
            "vars": {
              "map_accounts": "[]\n",
              "map_roles": "[]\n",
              "map_users": "[]\n",
              "worker_role_arn": "    - rolearn: arn:aws:iam::766514749351:role/cloudskiff-eks-Q7YF9Qax20200311104945278600000005\n      username: system:node:{{EC2PrivateDNSName}}\n      groups:\n        - system:bootstrappers\n        - system:nodes\n"
            }
          }
        }
      ]
    },
    {
      "module": "module.cluster-1",
      "mode": "data",
      "type": "template_file",
      "name": "kubeconfig",
      "provider": "provider.template",
      "instances": [
        {
          "schema_version": 0,
          "attributes": {
            "filename": null,
            "id": "38f2381be2fa7b7420968b38e23b576cd47201b9b955faf185866f09870169be",
            "rendered": "apiVersion: v1\npreferences: {}\nkind: Config\n\nclusters:\n- cluster:\n    server: https://90E794528281A25281D9F3762502DDB3.gr7.eu-central-1.eks.amazonaws.com\n    certificate-authority-data: LS0tLS1CRUdJTiBDRVJUSUZJQ0FURS0tLS0tCk1JSUN5RENDQWJDZ0F3SUJBZ0lCQURBTkJna3Foa2lHOXcwQkFRc0ZBREFWTVJNd0VRWURWUVFERXdwcmRXSmwKY201bGRHVnpNQjRYRFRJd01ETXhNVEV3TkRjeU0xb1hEVE13TURNd09URXdORGN5TTFvd0ZURVRNQkVHQTFVRQpBeE1LYTNWaVpYSnVaWFJsY3pDQ0FTSXdEUVlKS29aSWh2Y05BUUVCQlFBRGdnRVBBRENDQVFvQ2dnRUJBSy8wCjNkSzlJYlRkNmExNHFwL2dsb1Y2NUxPdGU0ZVNPUDBDTHNVSFF5VUsvcDBCRW1iWDNKQWFWTDBOcmdyVXY4TnIKOVZIZFJWM2ozRTYxVTFCUnM5U2NXYVBzakMxbUFLMTJ2RjdTaUNEc3Nva1VLOHhhclJ2Z2JVOFRWNDRNK2M5MAo5RnNic0dXSU9Wb292MjZ4bEV6S0E5WEFIU1FlSUhOYzk0OU1TaGkzRzZjZjZodGFWNndSMlVERWdVV3FWU2F3CnRMbjh1UUFYeTNXTTJQMFkzNllGWHROOSs5MzNGRmFrSm5jbUZCRGNremFlU0E1TFFlNUcrbHFBQzl3dkxyWUsKS1ZyQmhmU2VjanlyVXB4anFUWXJCeEJSV2lsckY1R2FzaEpFRTVrbmd1djVxVFZIclE3Y0Y0SlBtZVpENTM2Rwp2VjZkVFpqYUU5cU5pU0dSUEprQ0F3RUFBYU1qTUNFd0RnWURWUjBQQVFIL0JBUURBZ0trTUE4R0ExVWRFd0VCCi93UUZNQU1CQWY4d0RRWUpLb1pJaHZjTkFRRUxCUUFEZ2dFQkFFQ2FtYUFIeklaNEE5SGt3cnhrQXVaUE9tOEwKSEhUeGhmcUo4bUZvMnZPSFdEdmpOcWdJbHN6TXhCanowZ3FlQ0lhRVc0TVYzZW1taGVlTHJRd0xsamdhR2toWgpRL1IzMGlUMUNnb2VWR3MzRTN1QStpTHZPTHdsbk04cmw5MkdYOHFBV2VTMittZ2Zjd0NDM0YwV1h3c2tyekJ5CmRiMWVibW5wYXhQbUJGMW5veUZaVDlNandqSFRxNnVqZUErSWI1enFldWgya1l4MElCWFFaUmdLZmFHcUhuazgKdEZIWGhsV2FyeUY4REh5clRXbGplL2owNDAyaFJuRzd4YVI5QVZIcEQyVHFycVg2aHhJTHpsTUNjQ0M2Q2VTRQpPb1dHaElzSnVpZm0vUjRYRG5YdzlZNWNJemhsb1FMckRidEduNUhCME5SS3g3K0tTbmV6ejZCejJNdz0KLS0tLS1FTkQgQ0VSVElGSUNBVEUtLS0tLQo=\n  name: eks_cloudskiff-eks-Q7YF9Qax\n\ncontexts:\n- context:\n    cluster: eks_cloudskiff-eks-Q7YF9Qax\n    user: eks_cloudskiff-eks-Q7YF9Qax\n  name: eks_cloudskiff-eks-Q7YF9Qax\n\ncurrent-context: eks_cloudskiff-eks-Q7YF9Qax\n\nusers:\n- name: eks_cloudskiff-eks-Q7YF9Qax\n  user:\n    exec:\n      apiVersion: client.authentication.k8s.io/v1alpha1\n      command: aws-iam-authenticator\n      args:\n        - \"token\"\n        - \"-i\"\n        - \"cloudskiff-eks-Q7YF9Qax\"\n\n\n",
            "template": "apiVersion: v1\npreferences: {}\nkind: Config\n\nclusters:\n- cluster:\n    server: ${endpoint}\n    certificate-authority-data: ${cluster_auth_base64}\n  name: ${kubeconfig_name}\n\ncontexts:\n- context:\n    cluster: ${kubeconfig_name}\n    user: ${kubeconfig_name}\n  name: ${kubeconfig_name}\n\ncurrent-context: ${kubeconfig_name}\n\nusers:\n- name: ${kubeconfig_name}\n  user:\n    exec:\n      apiVersion: client.authentication.k8s.io/v1alpha1\n      command: ${aws_authenticator_command}\n      args:\n${aws_authenticator_command_args}\n${aws_authenticator_additional_args}\n${aws_authenticator_env_variables}\n",
            "vars": {
              "aws_authenticator_additional_args": "",
              "aws_authenticator_command": "aws-iam-authenticator",
              "aws_authenticator_command_args": "        - \"token\"\n        - \"-i\"\n        - \"cloudskiff-eks-Q7YF9Qax\"",
              "aws_authenticator_env_variables": "",
              "cluster_auth_base64": "LS0tLS1CRUdJTiBDRVJUSUZJQ0FURS0tLS0tCk1JSUN5RENDQWJDZ0F3SUJBZ0lCQURBTkJna3Foa2lHOXcwQkFRc0ZBREFWTVJNd0VRWURWUVFERXdwcmRXSmwKY201bGRHVnpNQjRYRFRJd01ETXhNVEV3TkRjeU0xb1hEVE13TURNd09URXdORGN5TTFvd0ZURVRNQkVHQTFVRQpBeE1LYTNWaVpYSnVaWFJsY3pDQ0FTSXdEUVlKS29aSWh2Y05BUUVCQlFBRGdnRVBBRENDQVFvQ2dnRUJBSy8wCjNkSzlJYlRkNmExNHFwL2dsb1Y2NUxPdGU0ZVNPUDBDTHNVSFF5VUsvcDBCRW1iWDNKQWFWTDBOcmdyVXY4TnIKOVZIZFJWM2ozRTYxVTFCUnM5U2NXYVBzakMxbUFLMTJ2RjdTaUNEc3Nva1VLOHhhclJ2Z2JVOFRWNDRNK2M5MAo5RnNic0dXSU9Wb292MjZ4bEV6S0E5WEFIU1FlSUhOYzk0OU1TaGkzRzZjZjZodGFWNndSMlVERWdVV3FWU2F3CnRMbjh1UUFYeTNXTTJQMFkzNllGWHROOSs5MzNGRmFrSm5jbUZCRGNremFlU0E1TFFlNUcrbHFBQzl3dkxyWUsKS1ZyQmhmU2VjanlyVXB4anFUWXJCeEJSV2lsckY1R2FzaEpFRTVrbmd1djVxVFZIclE3Y0Y0SlBtZVpENTM2Rwp2VjZkVFpqYUU5cU5pU0dSUEprQ0F3RUFBYU1qTUNFd0RnWURWUjBQQVFIL0JBUURBZ0trTUE4R0ExVWRFd0VCCi93UUZNQU1CQWY4d0RRWUpLb1pJaHZjTkFRRUxCUUFEZ2dFQkFFQ2FtYUFIeklaNEE5SGt3cnhrQXVaUE9tOEwKSEhUeGhmcUo4bUZvMnZPSFdEdmpOcWdJbHN6TXhCanowZ3FlQ0lhRVc0TVYzZW1taGVlTHJRd0xsamdhR2toWgpRL1IzMGlUMUNnb2VWR3MzRTN1QStpTHZPTHdsbk04cmw5MkdYOHFBV2VTMittZ2Zjd0NDM0YwV1h3c2tyekJ5CmRiMWVibW5wYXhQbUJGMW5veUZaVDlNandqSFRxNnVqZUErSWI1enFldWgya1l4MElCWFFaUmdLZmFHcUhuazgKdEZIWGhsV2FyeUY4REh5clRXbGplL2owNDAyaFJuRzd4YVI5QVZIcEQyVHFycVg2aHhJTHpsTUNjQ0M2Q2VTRQpPb1dHaElzSnVpZm0vUjRYRG5YdzlZNWNJemhsb1FMckRidEduNUhCME5SS3g3K0tTbmV6ejZCejJNdz0KLS0tLS1FTkQgQ0VSVElGSUNBVEUtLS0tLQo=",
              "endpoint": "https://90E794528281A25281D9F3762502DDB3.gr7.eu-central-1.eks.amazonaws.com",
              "kubeconfig_name": "eks_cloudskiff-eks-Q7YF9Qax"
            }
          }
        }
      ]
    },
    {
      "module": "module.cluster-1",
      "mode": "data",
      "type": "template_file",
      "name": "launch_template_userdata",
      "each": "list",
      "provider": "provider.template",
      "instances": []
    },
    {
      "module": "module.cluster-1",
      "mode": "data",
      "type": "template_file",
      "name": "launch_template_worker_role_arns",
      "each": "list",
      "provider": "provider.template",
      "instances": []
    },
    {
      "module": "module.cluster-1",
      "mode": "data",
      "type": "template_file",
      "name": "userdata",
      "each": "list",
      "provider": "provider.template",
      "instances": [
        {
          "index_key": 0,
          "schema_version": 0,
          "attributes": {
            "filename": null,
            "id": "e6ca70b581d2aeb450d1caade3512f7d546f83339d254d329fbde90a0f4b54fc",
            "rendered": "#!/bin/bash -xe\n\n# Allow user supplied pre userdata code\n\n\n# Bootstrap and join the cluster\n/etc/eks/bootstrap.sh --b64-cluster-ca 'LS0tLS1CRUdJTiBDRVJUSUZJQ0FURS0tLS0tCk1JSUN5RENDQWJDZ0F3SUJBZ0lCQURBTkJna3Foa2lHOXcwQkFRc0ZBREFWTVJNd0VRWURWUVFERXdwcmRXSmwKY201bGRHVnpNQjRYRFRJd01ETXhNVEV3TkRjeU0xb1hEVE13TURNd09URXdORGN5TTFvd0ZURVRNQkVHQTFVRQpBeE1LYTNWaVpYSnVaWFJsY3pDQ0FTSXdEUVlKS29aSWh2Y05BUUVCQlFBRGdnRVBBRENDQVFvQ2dnRUJBSy8wCjNkSzlJYlRkNmExNHFwL2dsb1Y2NUxPdGU0ZVNPUDBDTHNVSFF5VUsvcDBCRW1iWDNKQWFWTDBOcmdyVXY4TnIKOVZIZFJWM2ozRTYxVTFCUnM5U2NXYVBzakMxbUFLMTJ2RjdTaUNEc3Nva1VLOHhhclJ2Z2JVOFRWNDRNK2M5MAo5RnNic0dXSU9Wb292MjZ4bEV6S0E5WEFIU1FlSUhOYzk0OU1TaGkzRzZjZjZodGFWNndSMlVERWdVV3FWU2F3CnRMbjh1UUFYeTNXTTJQMFkzNllGWHROOSs5MzNGRmFrSm5jbUZCRGNremFlU0E1TFFlNUcrbHFBQzl3dkxyWUsKS1ZyQmhmU2VjanlyVXB4anFUWXJCeEJSV2lsckY1R2FzaEpFRTVrbmd1djVxVFZIclE3Y0Y0SlBtZVpENTM2Rwp2VjZkVFpqYUU5cU5pU0dSUEprQ0F3RUFBYU1qTUNFd0RnWURWUjBQQVFIL0JBUURBZ0trTUE4R0ExVWRFd0VCCi93UUZNQU1CQWY4d0RRWUpLb1pJaHZjTkFRRUxCUUFEZ2dFQkFFQ2FtYUFIeklaNEE5SGt3cnhrQXVaUE9tOEwKSEhUeGhmcUo4bUZvMnZPSFdEdmpOcWdJbHN6TXhCanowZ3FlQ0lhRVc0TVYzZW1taGVlTHJRd0xsamdhR2toWgpRL1IzMGlUMUNnb2VWR3MzRTN1QStpTHZPTHdsbk04cmw5MkdYOHFBV2VTMittZ2Zjd0NDM0YwV1h3c2tyekJ5CmRiMWVibW5wYXhQbUJGMW5veUZaVDlNandqSFRxNnVqZUErSWI1enFldWgya1l4MElCWFFaUmdLZmFHcUhuazgKdEZIWGhsV2FyeUY4REh5clRXbGplL2owNDAyaFJuRzd4YVI5QVZIcEQyVHFycVg2aHhJTHpsTUNjQ0M2Q2VTRQpPb1dHaElzSnVpZm0vUjRYRG5YdzlZNWNJemhsb1FMckRidEduNUhCME5SS3g3K0tTbmV6ejZCejJNdz0KLS0tLS1FTkQgQ0VSVElGSUNBVEUtLS0tLQo=' --apiserver-endpoint 'https://90E794528281A25281D9F3762502DDB3.gr7.eu-central-1.eks.amazonaws.com'  --kubelet-extra-args \"\" 'cloudskiff-eks-Q7YF9Qax'\n\n# Allow user supplied userdata code\n\n",
            "template": "#!/bin/bash -xe\n\n# Allow user supplied pre userdata code\n${pre_userdata}\n\n# Bootstrap and join the cluster\n/etc/eks/bootstrap.sh --b64-cluster-ca '${cluster_auth_base64}' --apiserver-endpoint '${endpoint}' ${bootstrap_extra_args} --kubelet-extra-args \"${kubelet_extra_args}\" '${cluster_name}'\n\n# Allow user supplied userdata code\n${additional_userdata}\n",
            "vars": {
              "additional_userdata": "",
              "bootstrap_extra_args": "",
              "cluster_auth_base64": "LS0tLS1CRUdJTiBDRVJUSUZJQ0FURS0tLS0tCk1JSUN5RENDQWJDZ0F3SUJBZ0lCQURBTkJna3Foa2lHOXcwQkFRc0ZBREFWTVJNd0VRWURWUVFERXdwcmRXSmwKY201bGRHVnpNQjRYRFRJd01ETXhNVEV3TkRjeU0xb1hEVE13TURNd09URXdORGN5TTFvd0ZURVRNQkVHQTFVRQpBeE1LYTNWaVpYSnVaWFJsY3pDQ0FTSXdEUVlKS29aSWh2Y05BUUVCQlFBRGdnRVBBRENDQVFvQ2dnRUJBSy8wCjNkSzlJYlRkNmExNHFwL2dsb1Y2NUxPdGU0ZVNPUDBDTHNVSFF5VUsvcDBCRW1iWDNKQWFWTDBOcmdyVXY4TnIKOVZIZFJWM2ozRTYxVTFCUnM5U2NXYVBzakMxbUFLMTJ2RjdTaUNEc3Nva1VLOHhhclJ2Z2JVOFRWNDRNK2M5MAo5RnNic0dXSU9Wb292MjZ4bEV6S0E5WEFIU1FlSUhOYzk0OU1TaGkzRzZjZjZodGFWNndSMlVERWdVV3FWU2F3CnRMbjh1UUFYeTNXTTJQMFkzNllGWHROOSs5MzNGRmFrSm5jbUZCRGNremFlU0E1TFFlNUcrbHFBQzl3dkxyWUsKS1ZyQmhmU2VjanlyVXB4anFUWXJCeEJSV2lsckY1R2FzaEpFRTVrbmd1djVxVFZIclE3Y0Y0SlBtZVpENTM2Rwp2VjZkVFpqYUU5cU5pU0dSUEprQ0F3RUFBYU1qTUNFd0RnWURWUjBQQVFIL0JBUURBZ0trTUE4R0ExVWRFd0VCCi93UUZNQU1CQWY4d0RRWUpLb1pJaHZjTkFRRUxCUUFEZ2dFQkFFQ2FtYUFIeklaNEE5SGt3cnhrQXVaUE9tOEwKSEhUeGhmcUo4bUZvMnZPSFdEdmpOcWdJbHN6TXhCanowZ3FlQ0lhRVc0TVYzZW1taGVlTHJRd0xsamdhR2toWgpRL1IzMGlUMUNnb2VWR3MzRTN1QStpTHZPTHdsbk04cmw5MkdYOHFBV2VTMittZ2Zjd0NDM0YwV1h3c2tyekJ5CmRiMWVibW5wYXhQbUJGMW5veUZaVDlNandqSFRxNnVqZUErSWI1enFldWgya1l4MElCWFFaUmdLZmFHcUhuazgKdEZIWGhsV2FyeUY4REh5clRXbGplL2owNDAyaFJuRzd4YVI5QVZIcEQyVHFycVg2aHhJTHpsTUNjQ0M2Q2VTRQpPb1dHaElzSnVpZm0vUjRYRG5YdzlZNWNJemhsb1FMckRidEduNUhCME5SS3g3K0tTbmV6ejZCejJNdz0KLS0tLS1FTkQgQ0VSVElGSUNBVEUtLS0tLQo=",
              "cluster_name": "cloudskiff-eks-Q7YF9Qax",
              "endpoint": "https://90E794528281A25281D9F3762502DDB3.gr7.eu-central-1.eks.amazonaws.com",
              "kubelet_extra_args": "",
              "platform": "linux",
              "pre_userdata": ""
            }
          }
        }
      ]
    },
    {
      "module": "module.cluster-1",
      "mode": "data",
      "type": "template_file",
      "name": "worker_role_arns",
      "each": "list",
      "provider": "provider.template",
      "instances": [
        {
          "index_key": 0,
          "schema_version": 0,
          "attributes": {
            "filename": null,
            "id": "4126c305b910698dbf414fc2d113e2251b800b4203e6c0907d7d758758d22e07",
            "rendered": "    - rolearn: arn:aws:iam::766514749351:role/cloudskiff-eks-Q7YF9Qax20200311104945278600000005\n      username: system:node:{{EC2PrivateDNSName}}\n      groups:\n        - system:bootstrappers\n        - system:nodes\n",
            "template": "    - rolearn: ${worker_role_arn}\n      username: system:node:{{EC2PrivateDNSName}}\n      groups:\n        - system:bootstrappers\n        - system:nodes\n        %{~ if platform == \"windows\" ~}\n        - eks:kube-proxy-windows\n        %{~ endif ~}\n",
            "vars": {
              "platform": "linux",
              "worker_role_arn": "arn:aws:iam::766514749351:role/cloudskiff-eks-Q7YF9Qax20200311104945278600000005"
            }
          }
        }
      ]
    },
    {
      "module": "module.cluster-1",
      "mode": "managed",
      "type": "aws_autoscaling_group",
      "name": "workers",
      "each": "list",
      "provider": "provider.aws",
      "instances": [
        {
          "index_key": 0,
          "schema_version": 0,
          "attributes": {
            "arn": "arn:aws:autoscaling:eu-central-1:766514749351:autoScalingGroup:52eaf92a-5bab-4eec-ac31-bc7e1e0cf2cd:autoScalingGroupName/cloudskiff-eks-Q7YF9Qax-1.14-wg-small2020031110495597140000000e",
            "availability_zones": [
              "eu-central-1a",
              "eu-central-1b",
              "eu-central-1c"
            ],
            "default_cooldown": 300,
            "desired_capacity": 1,
            "enabled_metrics": null,
            "force_delete": false,
            "health_check_grace_period": 300,
            "health_check_type": "EC2",
            "id": "cloudskiff-eks-Q7YF9Qax-1.14-wg-small2020031110495597140000000e",
            "initial_lifecycle_hook": [],
            "launch_configuration": "cloudskiff-eks-Q7YF9Qax-1.14-wg-small2020031110494766340000000d",
            "launch_template": [],
            "load_balancers": [],
            "max_instance_lifetime": 0,
            "max_size": 3,
            "metrics_granularity": "1Minute",
            "min_elb_capacity": null,
            "min_size": 1,
            "mixed_instances_policy": [],
            "name": "cloudskiff-eks-Q7YF9Qax-1.14-wg-small2020031110495597140000000e",
            "name_prefix": "cloudskiff-eks-Q7YF9Qax-1.14-wg-small",
            "placement_group": "",
            "protect_from_scale_in": false,
            "service_linked_role_arn": "arn:aws:iam::766514749351:role/aws-service-role/autoscaling.amazonaws.com/AWSServiceRoleForAutoScaling",
            "suspended_processes": [
              "AZRebalance"
            ],
            "tag": [],
            "tags": [
              {
                "key": "Name",
                "propagate_at_launch": "true",
                "value": "cloudskiff-eks-Q7YF9Qax-1.14-wg-small-eks_asg"
              },
              {
                "key": "kubernetes.io/cluster/cloudskiff-eks-Q7YF9Qax",
                "propagate_at_launch": "true",
                "value": "owned"
              },
              {
                "key": "k8s.io/cluster/cloudskiff-eks-Q7YF9Qax",
                "propagate_at_launch": "true",
                "value": "owned"
              },
              {
                "key": "k8s.io/cluster-autoscaler/disabled",
                "propagate_at_launch": "false",
                "value": "true"
              },
              {
                "key": "k8s.io/cluster-autoscaler/cloudskiff-eks-Q7YF9Qax",
                "propagate_at_launch": "false",
                "value": "cloudskiff-eks-Q7YF9Qax"
              },
              {
                "key": "k8s.io/cluster-autoscaler/node-template/resources/ephemeral-storage",
                "propagate_at_launch": "false",
                "value": "100Gi"
              },
              {
                "key": "CloudSkiff",
                "propagate_at_launch": "true",
                "value": "true"
              },
              {
                "key": "Terraform",
                "propagate_at_launch": "true",
                "value": "true"
              },
              {
                "key": "environment",
                "propagate_at_launch": "true",
                "value": "production"
              }
            ],
            "target_group_arns": [],
            "termination_policies": [],
            "timeouts": null,
            "vpc_zone_identifier": [
              "subnet-03586233b02cfb1a8",
              "subnet-03f8e286d2ea0a588",
              "subnet-0d932cbd7defdb8b6"
            ],
            "wait_for_capacity_timeout": "10m",
            "wait_for_elb_capacity": null
          },
          "private": "eyJlMmJmYjczMC1lY2FhLTExZTYtOGY4OC0zNDM2M2JjN2M0YzAiOnsiZGVsZXRlIjo2MDAwMDAwMDAwMDB9fQ==",
          "dependencies": [
            "aws_key_pair.admin",
            "module.cluster-1.aws_cloudwatch_log_group.this",
            "module.cluster-1.aws_eks_cluster.this",
            "module.cluster-1.aws_iam_instance_profile.workers",
            "module.cluster-1.aws_iam_role.cluster",
            "module.cluster-1.aws_iam_role.workers",
            "module.cluster-1.aws_iam_role_policy_attachment.cluster_AmazonEKSClusterPolicy",
            "module.cluster-1.aws_iam_role_policy_attachment.cluster_AmazonEKSServicePolicy",
            "module.cluster-1.aws_launch_configuration.workers",
            "module.cluster-1.aws_security_group.cluster",
            "module.cluster-1.aws_security_group.workers",
            "module.cluster-1.random_pet.workers",
            "module.vpc.aws_subnet.private",
            "module.vpc.aws_vpc.this",
            "module.vpc.aws_vpc_ipv4_cidr_block_association.this",
            "random_string.suffix"
          ]
        }
      ]
    },
    {
      "module": "module.cluster-1",
      "mode": "managed",
      "type": "aws_autoscaling_group",
      "name": "workers_launch_template",
      "each": "list",
      "provider": "provider.aws",
      "instances": []
    },
    {
      "module": "module.cluster-1",
      "mode": "managed",
      "type": "aws_cloudwatch_log_group",
      "name": "this",
      "each": "list",
      "provider": "provider.aws",
      "instances": []
    },
    {
      "module": "module.vpc",
      "mode": "managed",
      "type": "aws_db_subnet_group",
      "name": "database",
      "each": "list",
      "provider": "provider.aws",
      "instances": []
    },
    {
      "module": "module.vpc",
      "mode": "managed",
      "type": "aws_default_network_acl",
      "name": "this",
      "each": "list",
      "provider": "provider.aws",
      "instances": []
    },
    {
      "module": "module.vpc",
      "mode": "managed",
      "type": "aws_default_vpc",
      "name": "this",
      "each": "list",
      "provider": "provider.aws",
      "instances": []
    },
    {
      "module": "module.vpc",
      "mode": "managed",
      "type": "aws_egress_only_internet_gateway",
      "name": "this",
      "each": "list",
      "provider": "provider.aws",
      "instances": []
    },
    {
      "module": "module.vpc",
      "mode": "managed",
      "type": "aws_eip",
      "name": "nat",
      "each": "list",
      "provider": "provider.aws",
      "instances": [
        {
          "index_key": 0,
          "schema_version": 0,
          "attributes": {
            "allocation_id": null,
            "associate_with_private_ip": null,
            "association_id": "",
            "domain": "vpc",
            "id": "eipalloc-0bb28bcb9c3c55c18",
            "instance": "",
            "network_interface": "",
            "private_dns": null,
            "private_ip": "",
            "public_dns": "ec2-3-127-125-116.eu-central-1.compute.amazonaws.com",
            "public_ip": "3.127.125.116",
            "public_ipv4_pool": "amazon",
            "tags": {
              "Name": "vpc-cloudskiff-eu-central-1a",
              "kubernetes.io/cluster/cloudskiff-eks-Q7YF9Qax": "owned"
            },
            "timeouts": null,
            "vpc": true
          },
          "private": "eyJlMmJmYjczMC1lY2FhLTExZTYtOGY4OC0zNDM2M2JjN2M0YzAiOnsiZGVsZXRlIjoxODAwMDAwMDAwMDAsInJlYWQiOjkwMDAwMDAwMDAwMCwidXBkYXRlIjozMDAwMDAwMDAwMDB9fQ==",
          "dependencies": [
            "random_string.suffix"
          ]
        }
      ]
    },
    {
      "module": "module.cluster-1",
      "mode": "managed",
      "type": "aws_eks_cluster",
      "name": "this",
      "provider": "provider.aws",
      "instances": [
        {
          "schema_version": 0,
          "attributes": {
            "arn": "arn:aws:eks:eu-central-1:766514749351:cluster/cloudskiff-eks-Q7YF9Qax",
            "certificate_authority": [
              {
                "data": "LS0tLS1CRUdJTiBDRVJUSUZJQ0FURS0tLS0tCk1JSUN5RENDQWJDZ0F3SUJBZ0lCQURBTkJna3Foa2lHOXcwQkFRc0ZBREFWTVJNd0VRWURWUVFERXdwcmRXSmwKY201bGRHVnpNQjRYRFRJd01ETXhNVEV3TkRjeU0xb1hEVE13TURNd09URXdORGN5TTFvd0ZURVRNQkVHQTFVRQpBeE1LYTNWaVpYSnVaWFJsY3pDQ0FTSXdEUVlKS29aSWh2Y05BUUVCQlFBRGdnRVBBRENDQVFvQ2dnRUJBSy8wCjNkSzlJYlRkNmExNHFwL2dsb1Y2NUxPdGU0ZVNPUDBDTHNVSFF5VUsvcDBCRW1iWDNKQWFWTDBOcmdyVXY4TnIKOVZIZFJWM2ozRTYxVTFCUnM5U2NXYVBzakMxbUFLMTJ2RjdTaUNEc3Nva1VLOHhhclJ2Z2JVOFRWNDRNK2M5MAo5RnNic0dXSU9Wb292MjZ4bEV6S0E5WEFIU1FlSUhOYzk0OU1TaGkzRzZjZjZodGFWNndSMlVERWdVV3FWU2F3CnRMbjh1UUFYeTNXTTJQMFkzNllGWHROOSs5MzNGRmFrSm5jbUZCRGNremFlU0E1TFFlNUcrbHFBQzl3dkxyWUsKS1ZyQmhmU2VjanlyVXB4anFUWXJCeEJSV2lsckY1R2FzaEpFRTVrbmd1djVxVFZIclE3Y0Y0SlBtZVpENTM2Rwp2VjZkVFpqYUU5cU5pU0dSUEprQ0F3RUFBYU1qTUNFd0RnWURWUjBQQVFIL0JBUURBZ0trTUE4R0ExVWRFd0VCCi93UUZNQU1CQWY4d0RRWUpLb1pJaHZjTkFRRUxCUUFEZ2dFQkFFQ2FtYUFIeklaNEE5SGt3cnhrQXVaUE9tOEwKSEhUeGhmcUo4bUZvMnZPSFdEdmpOcWdJbHN6TXhCanowZ3FlQ0lhRVc0TVYzZW1taGVlTHJRd0xsamdhR2toWgpRL1IzMGlUMUNnb2VWR3MzRTN1QStpTHZPTHdsbk04cmw5MkdYOHFBV2VTMittZ2Zjd0NDM0YwV1h3c2tyekJ5CmRiMWVibW5wYXhQbUJGMW5veUZaVDlNandqSFRxNnVqZUErSWI1enFldWgya1l4MElCWFFaUmdLZmFHcUhuazgKdEZIWGhsV2FyeUY4REh5clRXbGplL2owNDAyaFJuRzd4YVI5QVZIcEQyVHFycVg2aHhJTHpsTUNjQ0M2Q2VTRQpPb1dHaElzSnVpZm0vUjRYRG5YdzlZNWNJemhsb1FMckRidEduNUhCME5SS3g3K0tTbmV6ejZCejJNdz0KLS0tLS1FTkQgQ0VSVElGSUNBVEUtLS0tLQo="
              }
            ],
            "created_at": "2020-03-11 10:40:43 +0000 UTC",
            "enabled_cluster_log_types": null,
            "encryption_config": [],
            "endpoint": "https://90E794528281A25281D9F3762502DDB3.gr7.eu-central-1.eks.amazonaws.com",
            "id": "cloudskiff-eks-Q7YF9Qax",
            "identity": [
              {
                "oidc": [
                  {
                    "issuer": "https://oidc.eks.eu-central-1.amazonaws.com/id/90E794528281A25281D9F3762502DDB3"
                  }
                ]
              }
            ],
            "name": "cloudskiff-eks-Q7YF9Qax",
            "platform_version": "eks.9",
            "role_arn": "arn:aws:iam::766514749351:role/cloudskiff-eks-Q7YF9Qax20200311104029661500000001",
            "status": "ACTIVE",
            "tags": {
              "CloudSkiff": "true",
              "Terraform": "true",
              "environment": "production"
            },
            "timeouts": {
              "create": "30m",
              "delete": "15m",
              "update": null
            },
            "version": "1.14",
            "vpc_config": [
              {
                "cluster_security_group_id": "sg-02c61a06b3f66b03e",
                "endpoint_private_access": false,
                "endpoint_public_access": true,
                "public_access_cidrs": [
                  "0.0.0.0/0"
                ],
                "security_group_ids": [
                  "sg-03ca1b3eef594bda1"
                ],
                "subnet_ids": [
                  "subnet-03586233b02cfb1a8",
                  "subnet-03f8e286d2ea0a588",
                  "subnet-0d932cbd7defdb8b6"
                ],
                "vpc_id": "vpc-0094641f47719bc4e"
              }
            ]
          },
          "private": "eyJlMmJmYjczMC1lY2FhLTExZTYtOGY4OC0zNDM2M2JjN2M0YzAiOnsiY3JlYXRlIjoxODAwMDAwMDAwMDAwLCJkZWxldGUiOjkwMDAwMDAwMDAwMCwidXBkYXRlIjozNjAwMDAwMDAwMDAwfX0=",
          "dependencies": [
            "module.cluster-1.aws_cloudwatch_log_group.this",
            "module.cluster-1.aws_iam_role.cluster",
            "module.cluster-1.aws_iam_role_policy_attachment.cluster_AmazonEKSClusterPolicy",
            "module.cluster-1.aws_iam_role_policy_attachment.cluster_AmazonEKSServicePolicy",
            "module.cluster-1.aws_security_group.cluster",
            "module.vpc.aws_subnet.private",
            "module.vpc.aws_vpc.this",
            "module.vpc.aws_vpc_ipv4_cidr_block_association.this",
            "random_string.suffix"
          ]
        }
      ]
    },
    {
      "module": "module.vpc",
      "mode": "managed",
      "type": "aws_elasticache_subnet_group",
      "name": "elasticache",
      "each": "list",
      "provider": "provider.aws",
      "instances": []
    },
    {
      "module": "module.cluster-1",
      "mode": "managed",
      "type": "aws_iam_instance_profile",
      "name": "workers",
      "each": "list",
      "provider": "provider.aws",
      "instances": [
        {
          "index_key": 0,
          "schema_version": 0,
          "attributes": {
            "arn": "arn:aws:iam::766514749351:instance-profile/cloudskiff-eks-Q7YF9Qax20200311104946174100000008",
            "create_date": "2020-03-11T10:49:46Z",
            "id": "cloudskiff-eks-Q7YF9Qax20200311104946174100000008",
            "name": "cloudskiff-eks-Q7YF9Qax20200311104946174100000008",
            "name_prefix": "cloudskiff-eks-Q7YF9Qax",
            "path": "/",
            "role": "cloudskiff-eks-Q7YF9Qax20200311104945278600000005",
            "roles": [],
            "unique_id": "AIPA3E56W36TRHNPYNSHD"
          },
          "private": "bnVsbA==",
          "dependencies": [
            "module.cluster-1.aws_cloudwatch_log_group.this",
            "module.cluster-1.aws_eks_cluster.this",
            "module.cluster-1.aws_iam_role.cluster",
            "module.cluster-1.aws_iam_role.workers",
            "module.cluster-1.aws_iam_role_policy_attachment.cluster_AmazonEKSClusterPolicy",
            "module.cluster-1.aws_iam_role_policy_attachment.cluster_AmazonEKSServicePolicy",
            "module.cluster-1.aws_security_group.cluster",
            "module.vpc.aws_subnet.private",
            "module.vpc.aws_vpc.this",
            "module.vpc.aws_vpc_ipv4_cidr_block_association.this",
            "random_string.suffix"
          ]
        }
      ]
    },
    {
      "module": "module.cluster-1",
      "mode": "managed",
      "type": "aws_iam_instance_profile",
      "name": "workers_launch_template",
      "each": "list",
      "provider": "provider.aws",
      "instances": []
    },
    {
      "module": "module.cluster-1",
      "mode": "managed",
      "type": "aws_iam_policy",
      "name": "worker_autoscaling",
      "each": "list",
      "provider": "provider.aws",
      "instances": [
        {
          "index_key": 0,
          "schema_version": 0,
          "attributes": {
            "arn": "arn:aws:iam::766514749351:policy/eks-worker-autoscaling-cloudskiff-eks-Q7YF9Qax20200311104945350100000007",
            "description": "EKS worker node autoscaling policy for cluster cloudskiff-eks-Q7YF9Qax",
            "id": "arn:aws:iam::766514749351:policy/eks-worker-autoscaling-cloudskiff-eks-Q7YF9Qax20200311104945350100000007",
            "name": "eks-worker-autoscaling-cloudskiff-eks-Q7YF9Qax20200311104945350100000007",
            "name_prefix": "eks-worker-autoscaling-cloudskiff-eks-Q7YF9Qax",
            "path": "/",
            "policy": "{\n  \"Version\": \"2012-10-17\",\n  \"Statement\": [\n    {\n      \"Sid\": \"eksWorkerAutoscalingAll\",\n      \"Effect\": \"Allow\",\n      \"Action\": [\n        \"ec2:DescribeLaunchTemplateVersions\",\n        \"autoscaling:DescribeTags\",\n        \"autoscaling:DescribeLaunchConfigurations\",\n        \"autoscaling:DescribeAutoScalingInstances\",\n        \"autoscaling:DescribeAutoScalingGroups\"\n      ],\n      \"Resource\": \"*\"\n    },\n    {\n      \"Sid\": \"eksWorkerAutoscalingOwn\",\n      \"Effect\": \"Allow\",\n      \"Action\": [\n        \"autoscaling:UpdateAutoScalingGroup\",\n        \"autoscaling:TerminateInstanceInAutoScalingGroup\",\n        \"autoscaling:SetDesiredCapacity\"\n      ],\n      \"Resource\": \"*\",\n      \"Condition\": {\n        \"StringEquals\": {\n          \"autoscaling:ResourceTag/k8s.io/cluster-autoscaler/enabled\": \"true\",\n          \"autoscaling:ResourceTag/kubernetes.io/cluster/cloudskiff-eks-Q7YF9Qax\": \"owned\"\n        }\n      }\n    }\n  ]\n}"
          },
          "private": "bnVsbA==",
          "dependencies": [
            "module.cluster-1.aws_cloudwatch_log_group.this",
            "module.cluster-1.aws_eks_cluster.this",
            "module.cluster-1.aws_iam_role.cluster",
            "module.cluster-1.aws_iam_role_policy_attachment.cluster_AmazonEKSClusterPolicy",
            "module.cluster-1.aws_iam_role_policy_attachment.cluster_AmazonEKSServicePolicy",
            "module.cluster-1.aws_security_group.cluster",
            "module.vpc.aws_subnet.private",
            "module.vpc.aws_vpc.this",
            "module.vpc.aws_vpc_ipv4_cidr_block_association.this",
            "random_string.suffix"
          ]
        }
      ]
    },
    {
      "module": "module.cluster-1",
      "mode": "managed",
      "type": "aws_iam_role",
      "name": "cluster",
      "each": "list",
      "provider": "provider.aws",
      "instances": [
        {
          "index_key": 0,
          "schema_version": 0,
          "attributes": {
            "arn": "arn:aws:iam::766514749351:role/cloudskiff-eks-Q7YF9Qax20200311104029661500000001",
            "assume_role_policy": "{\"Version\":\"2012-10-17\",\"Statement\":[{\"Sid\":\"EKSClusterAssumeRole\",\"Effect\":\"Allow\",\"Principal\":{\"Service\":\"eks.amazonaws.com\"},\"Action\":\"sts:AssumeRole\"}]}",
            "create_date": "2020-03-11T10:40:30Z",
            "description": "",
            "force_detach_policies": true,
            "id": "cloudskiff-eks-Q7YF9Qax20200311104029661500000001",
            "max_session_duration": 3600,
            "name": "cloudskiff-eks-Q7YF9Qax20200311104029661500000001",
            "name_prefix": "cloudskiff-eks-Q7YF9Qax",
            "path": "/",
            "permissions_boundary": null,
            "tags": {
              "CloudSkiff": "true",
              "Terraform": "true",
              "environment": "production"
            },
            "unique_id": "AROA3E56W36T5K2HUTIUD"
          },
          "private": "bnVsbA==",
          "dependencies": [
            "random_string.suffix"
          ]
        }
      ]
    },
    {
      "module": "module.cluster-1",
      "mode": "managed",
      "type": "aws_iam_role",
      "name": "workers",
      "each": "list",
      "provider": "provider.aws",
      "instances": [
        {
          "index_key": 0,
          "schema_version": 0,
          "attributes": {
            "arn": "arn:aws:iam::766514749351:role/cloudskiff-eks-Q7YF9Qax20200311104945278600000005",
            "assume_role_policy": "{\"Version\":\"2012-10-17\",\"Statement\":[{\"Sid\":\"EKSWorkerAssumeRole\",\"Effect\":\"Allow\",\"Principal\":{\"Service\":\"ec2.amazonaws.com\"},\"Action\":\"sts:AssumeRole\"}]}",
            "create_date": "2020-03-11T10:49:45Z",
            "description": "",
            "force_detach_policies": true,
            "id": "cloudskiff-eks-Q7YF9Qax20200311104945278600000005",
            "max_session_duration": 3600,
            "name": "cloudskiff-eks-Q7YF9Qax20200311104945278600000005",
            "name_prefix": "cloudskiff-eks-Q7YF9Qax",
            "path": "/",
            "permissions_boundary": null,
            "tags": {
              "CloudSkiff": "true",
              "Terraform": "true",
              "environment": "production"
            },
            "unique_id": "AROA3E56W36TWN4ZQ5TXO"
          },
          "private": "bnVsbA==",
          "dependencies": [
            "module.cluster-1.aws_cloudwatch_log_group.this",
            "module.cluster-1.aws_eks_cluster.this",
            "module.cluster-1.aws_iam_role.cluster",
            "module.cluster-1.aws_iam_role_policy_attachment.cluster_AmazonEKSClusterPolicy",
            "module.cluster-1.aws_iam_role_policy_attachment.cluster_AmazonEKSServicePolicy",
            "module.cluster-1.aws_security_group.cluster",
            "module.vpc.aws_subnet.private",
            "module.vpc.aws_vpc.this",
            "module.vpc.aws_vpc_ipv4_cidr_block_association.this",
            "random_string.suffix"
          ]
        }
      ]
    },
    {
      "module": "module.cluster-1",
      "mode": "managed",
      "type": "aws_iam_role_policy_attachment",
      "name": "cluster_AmazonEKSClusterPolicy",
      "each": "list",
      "provider": "provider.aws",
      "instances": [
        {
          "index_key": 0,
          "schema_version": 0,
          "attributes": {
            "id": "cloudskiff-eks-Q7YF9Qax20200311104029661500000001-20200311104030927300000002",
            "policy_arn": "arn:aws:iam::aws:policy/AmazonEKSClusterPolicy",
            "role": "cloudskiff-eks-Q7YF9Qax20200311104029661500000001"
          },
          "private": "bnVsbA==",
          "dependencies": [
            "module.cluster-1.aws_iam_role.cluster",
            "random_string.suffix"
          ]
        }
      ]
    },
    {
      "module": "module.cluster-1",
      "mode": "managed",
      "type": "aws_iam_role_policy_attachment",
      "name": "cluster_AmazonEKSServicePolicy",
      "each": "list",
      "provider": "provider.aws",
      "instances": [
        {
          "index_key": 0,
          "schema_version": 0,
          "attributes": {
            "id": "cloudskiff-eks-Q7YF9Qax20200311104029661500000001-20200311104030979200000003",
            "policy_arn": "arn:aws:iam::aws:policy/AmazonEKSServicePolicy",
            "role": "cloudskiff-eks-Q7YF9Qax20200311104029661500000001"
          },
          "private": "bnVsbA==",
          "dependencies": [
            "module.cluster-1.aws_iam_role.cluster",
            "random_string.suffix"
          ]
        }
      ]
    },
    {
      "module": "module.cluster-1",
      "mode": "managed",
      "type": "aws_iam_role_policy_attachment",
      "name": "workers_AmazonEC2ContainerRegistryReadOnly",
      "each": "list",
      "provider": "provider.aws",
      "instances": [
        {
          "index_key": 0,
          "schema_version": 0,
          "attributes": {
            "id": "cloudskiff-eks-Q7YF9Qax20200311104945278600000005-2020031110494666260000000b",
            "policy_arn": "arn:aws:iam::aws:policy/AmazonEC2ContainerRegistryReadOnly",
            "role": "cloudskiff-eks-Q7YF9Qax20200311104945278600000005"
          },
          "private": "bnVsbA==",
          "dependencies": [
            "module.cluster-1.aws_cloudwatch_log_group.this",
            "module.cluster-1.aws_eks_cluster.this",
            "module.cluster-1.aws_iam_role.cluster",
            "module.cluster-1.aws_iam_role.workers",
            "module.cluster-1.aws_iam_role_policy_attachment.cluster_AmazonEKSClusterPolicy",
            "module.cluster-1.aws_iam_role_policy_attachment.cluster_AmazonEKSServicePolicy",
            "module.cluster-1.aws_security_group.cluster",
            "module.vpc.aws_subnet.private",
            "module.vpc.aws_vpc.this",
            "module.vpc.aws_vpc_ipv4_cidr_block_association.this",
            "random_string.suffix"
          ]
        }
      ]
    },
    {
      "module": "module.cluster-1",
      "mode": "managed",
      "type": "aws_iam_role_policy_attachment",
      "name": "workers_AmazonEKSWorkerNodePolicy",
      "each": "list",
      "provider": "provider.aws",
      "instances": [
        {
          "index_key": 0,
          "schema_version": 0,
          "attributes": {
            "id": "cloudskiff-eks-Q7YF9Qax20200311104945278600000005-20200311104946633300000009",
            "policy_arn": "arn:aws:iam::aws:policy/AmazonEKSWorkerNodePolicy",
            "role": "cloudskiff-eks-Q7YF9Qax20200311104945278600000005"
          },
          "private": "bnVsbA==",
          "dependencies": [
            "module.cluster-1.aws_cloudwatch_log_group.this",
            "module.cluster-1.aws_eks_cluster.this",
            "module.cluster-1.aws_iam_role.cluster",
            "module.cluster-1.aws_iam_role.workers",
            "module.cluster-1.aws_iam_role_policy_attachment.cluster_AmazonEKSClusterPolicy",
            "module.cluster-1.aws_iam_role_policy_attachment.cluster_AmazonEKSServicePolicy",
            "module.cluster-1.aws_security_group.cluster",
            "module.vpc.aws_subnet.private",
            "module.vpc.aws_vpc.this",
            "module.vpc.aws_vpc_ipv4_cidr_block_association.this",
            "random_string.suffix"
          ]
        }
      ]
    },
    {
      "module": "module.cluster-1",
      "mode": "managed",
      "type": "aws_iam_role_policy_attachment",
      "name": "workers_AmazonEKS_CNI_Policy",
      "each": "list",
      "provider": "provider.aws",
      "instances": [
        {
          "index_key": 0,
          "schema_version": 0,
          "attributes": {
            "id": "cloudskiff-eks-Q7YF9Qax20200311104945278600000005-2020031110494663800000000a",
            "policy_arn": "arn:aws:iam::aws:policy/AmazonEKS_CNI_Policy",
            "role": "cloudskiff-eks-Q7YF9Qax20200311104945278600000005"
          },
          "private": "bnVsbA==",
          "dependencies": [
            "module.cluster-1.aws_cloudwatch_log_group.this",
            "module.cluster-1.aws_eks_cluster.this",
            "module.cluster-1.aws_iam_role.cluster",
            "module.cluster-1.aws_iam_role.workers",
            "module.cluster-1.aws_iam_role_policy_attachment.cluster_AmazonEKSClusterPolicy",
            "module.cluster-1.aws_iam_role_policy_attachment.cluster_AmazonEKSServicePolicy",
            "module.cluster-1.aws_security_group.cluster",
            "module.vpc.aws_subnet.private",
            "module.vpc.aws_vpc.this",
            "module.vpc.aws_vpc_ipv4_cidr_block_association.this",
            "random_string.suffix"
          ]
        }
      ]
    },
    {
      "module": "module.cluster-1",
      "mode": "managed",
      "type": "aws_iam_role_policy_attachment",
      "name": "workers_additional_policies",
      "each": "list",
      "provider": "provider.aws",
      "instances": []
    },
    {
      "module": "module.cluster-1",
      "mode": "managed",
      "type": "aws_iam_role_policy_attachment",
      "name": "workers_autoscaling",
      "each": "list",
      "provider": "provider.aws",
      "instances": [
        {
          "index_key": 0,
          "schema_version": 0,
          "attributes": {
            "id": "cloudskiff-eks-Q7YF9Qax20200311104945278600000005-2020031110494701130000000c",
            "policy_arn": "arn:aws:iam::766514749351:policy/eks-worker-autoscaling-cloudskiff-eks-Q7YF9Qax20200311104945350100000007",
            "role": "cloudskiff-eks-Q7YF9Qax20200311104945278600000005"
          },
          "private": "bnVsbA==",
          "dependencies": [
            "module.cluster-1.aws_cloudwatch_log_group.this",
            "module.cluster-1.aws_eks_cluster.this",
            "module.cluster-1.aws_iam_policy.worker_autoscaling",
            "module.cluster-1.aws_iam_role.cluster",
            "module.cluster-1.aws_iam_role.workers",
            "module.cluster-1.aws_iam_role_policy_attachment.cluster_AmazonEKSClusterPolicy",
            "module.cluster-1.aws_iam_role_policy_attachment.cluster_AmazonEKSServicePolicy",
            "module.cluster-1.aws_security_group.cluster",
            "module.vpc.aws_subnet.private",
            "module.vpc.aws_vpc.this",
            "module.vpc.aws_vpc_ipv4_cidr_block_association.this",
            "random_string.suffix"
          ]
        }
      ]
    },
    {
      "module": "module.vpc",
      "mode": "managed",
      "type": "aws_internet_gateway",
      "name": "this",
      "each": "list",
      "provider": "provider.aws",
      "instances": [
        {
          "index_key": 0,
          "schema_version": 0,
          "attributes": {
            "id": "igw-0b6fab1ba2f2c286d",
            "owner_id": "766514749351",
            "tags": {
              "Name": "vpc-cloudskiff",
              "kubernetes.io/cluster/cloudskiff-eks-Q7YF9Qax": "owned"
            },
            "vpc_id": "vpc-0094641f47719bc4e"
          },
          "private": "bnVsbA==",
          "dependencies": [
            "module.vpc.aws_vpc.this",
            "module.vpc.aws_vpc_ipv4_cidr_block_association.this",
            "random_string.suffix"
          ]
        }
      ]
    },
    {
      "mode": "managed",
      "type": "aws_key_pair",
      "name": "admin",
      "provider": "provider.aws",
      "instances": [
        {
          "schema_version": 1,
          "attributes": {
            "fingerprint": "32:10:fe:81:d3:d7:7b:34:e0:ae:37:5b:e4:25:6d:b8",
            "id": "admin-key-Q7YF9Qax",
            "key_name": "admin-key-Q7YF9Qax",
            "key_name_prefix": null,
            "key_pair_id": "key-09bb45a42ad3e7d03",
            "public_key": "ssh-rsa AAAAB3NzaC1yc2EAAAADAQABAAABAQDhMYgNyN3atbASmahYxyA95KWabBWSWgTepBMPJN/n+djglO1PMG9WgUEh/yj6H/fMfVJXSRtNISRT4LwJwyIuXFRORgphAaY0ID6491U7iNtU46tExZBtRZHFCRXBNs+FZHLh6ZA+oEwLOKSJNZBI8Iy8jgtSbPEoheDlkutKrY4Um9FGIkdGrD5vhp0gvo1qNAigQh3LGUte2Abu6B52uOy7RImsHltvtTx2S8N/gxqIabi/NkpxEJg6FlNx4UKZWh1YtC73DPv4EZ7uPdbrx4FHJLQ41s3HdglocIbTFQE9Mu6kimd+bmLAinzz/deI3thinCSsi2PfTMhzlv4R",
            "tags": null
          },
          "private": "eyJzY2hlbWFfdmVyc2lvbiI6IjEifQ==",
          "dependencies": [
            "random_string.suffix"
          ]
        }
      ]
    },
    {
      "module": "module.cluster-1",
      "mode": "managed",
      "type": "aws_launch_configuration",
      "name": "workers",
      "each": "list",
      "provider": "provider.aws",
      "instances": [
        {
          "index_key": 0,
          "schema_version": 0,
          "attributes": {
            "arn": "arn:aws:autoscaling:eu-central-1:766514749351:launchConfiguration:75345c0b-69d1-4af5-bf50-4cbb8b959e67:launchConfigurationName/cloudskiff-eks-Q7YF9Qax-1.14-wg-small2020031110494766340000000d",
            "associate_public_ip_address": false,
            "ebs_block_device": [],
            "ebs_optimized": true,
            "enable_monitoring": true,
            "ephemeral_block_device": [],
            "iam_instance_profile": "cloudskiff-eks-Q7YF9Qax20200311104946174100000008",
            "id": "cloudskiff-eks-Q7YF9Qax-1.14-wg-small2020031110494766340000000d",
            "image_id": "ami-04ff680b843305fef",
            "instance_type": "t3.nano",
            "key_name": "admin-key-Q7YF9Qax",
            "name": "cloudskiff-eks-Q7YF9Qax-1.14-wg-small2020031110494766340000000d",
            "name_prefix": "cloudskiff-eks-Q7YF9Qax-1.14-wg-small",
            "placement_tenancy": "",
            "root_block_device": [
              {
                "delete_on_termination": true,
                "encrypted": false,
                "iops": 0,
                "volume_size": 100,
                "volume_type": "gp2"
              }
            ],
            "security_groups": [
              "sg-05103f9a2cfaaef96"
            ],
            "spot_price": "",
            "user_data": null,
            "user_data_base64": "IyEvYmluL2Jhc2ggLXhlCgojIEFsbG93IHVzZXIgc3VwcGxpZWQgcHJlIHVzZXJkYXRhIGNvZGUKCgojIEJvb3RzdHJhcCBhbmQgam9pbiB0aGUgY2x1c3RlcgovZXRjL2Vrcy9ib290c3RyYXAuc2ggLS1iNjQtY2x1c3Rlci1jYSAnTFMwdExTMUNSVWRKVGlCRFJWSlVTVVpKUTBGVVJTMHRMUzB0Q2sxSlNVTjVSRU5EUVdKRFowRjNTVUpCWjBsQ1FVUkJUa0puYTNGb2EybEhPWGN3UWtGUmMwWkJSRUZXVFZKTmQwVlJXVVJXVVZGRVJYZHdjbVJYU213S1kyMDFiR1JIVm5wTlFqUllSRlJKZDAxRVRYaE5WRVYzVGtSamVVMHhiMWhFVkUxM1RVUk5kMDlVUlhkT1JHTjVUVEZ2ZDBaVVJWUk5Ra1ZIUVRGVlJRcEJlRTFMWVROV2FWcFlTblZhV0ZKc1kzcERRMEZUU1hkRVVWbEtTMjlhU1doMlkwNUJVVVZDUWxGQlJHZG5SVkJCUkVORFFWRnZRMmRuUlVKQlN5OHdDak5rU3psSllsUmtObUV4TkhGd0wyZHNiMVkyTlV4UGRHVTBaVk5QVURCRFRITlZTRkY1VlVzdmNEQkNSVzFpV0ROS1FXRldUREJPY21keVZYWTRUbklLT1ZaSVpGSldNMm96UlRZeFZURkNVbk01VTJOWFlWQnpha014YlVGTE1USjJSamRUYVVORWMzTnZhMVZMT0hoaGNsSjJaMkpWT0ZSV05EUk5LMk01TUFvNVJuTmljMGRYU1U5V2IyOTJNalo0YkVWNlMwRTVXRUZJVTFGbFNVaE9ZemswT1UxVGFHa3pSelpqWmpab2RHRldObmRTTWxWRVJXZFZWM0ZXVTJGM0NuUk1iamgxVVVGWWVUTlhUVEpRTUZrek5sbEdXSFJPT1NzNU16TkdSbUZyU201amJVWkNSR05yZW1GbFUwRTFURkZsTlVjcmJIRkJRemwzZGt4eVdVc0tTMVp5UW1obVUyVmphbmx5VlhCNGFuRlVXWEpDZUVKU1YybHNja1kxUjJGemFFcEZSVFZyYm1kMWRqVnhWRlpJY2xFM1kwWTBTbEJ0WlZwRU5UTTJSd3AyVmpaa1ZGcHFZVVU1Y1U1cFUwZFNVRXByUTBGM1JVRkJZVTFxVFVORmQwUm5XVVJXVWpCUVFWRklMMEpCVVVSQlowdHJUVUU0UjBFeFZXUkZkMFZDQ2k5M1VVWk5RVTFDUVdZNGQwUlJXVXBMYjFwSmFIWmpUa0ZSUlV4Q1VVRkVaMmRGUWtGRlEyRnRZVUZJZWtsYU5FRTVTR3QzY25oclFYVmFVRTl0T0V3S1NFaFVlR2htY1VvNGJVWnZNblpQU0ZkRWRtcE9jV2RKYkhONlRYaENhbm93WjNGbFEwbGhSVmMwVFZZelpXMXRhR1ZsVEhKUmQweHNhbWRoUjJ0b1dncFJMMUl6TUdsVU1VTm5iMlZXUjNNelJUTjFRU3RwVEhaUFRIZHNiazA0Y213NU1rZFlPSEZCVjJWVE1pdHRaMlpqZDBORE0wWXdWMWgzYzJ0eWVrSjVDbVJpTVdWaWJXNXdZWGhRYlVKR01XNXZlVVphVkRsTmFuZHFTRlJ4Tm5WcVpVRXJTV0kxZW5GbGRXZ3lhMWw0TUVsQ1dGRmFVbWRMWm1GSGNVaHVhemdLZEVaSVdHaHNWMkZ5ZVVZNFJFaDVjbFJYYkdwbEwyb3dOREF5YUZKdVJ6ZDRZVkk1UVZaSWNFUXlWSEZ5Y1ZnMmFIaEpUSHBzVFVOalEwTTJRMlZUUlFwUGIxZEhhRWx6U25WcFptMHZValJZUkc1WWR6bFpOV05KZW1oc2IxRk1ja1JpZEVkdU5VaENNRTVTUzNnM0swdFRibVY2ZWpaQ2VqSk5kejBLTFMwdExTMUZUa1FnUTBWU1ZFbEdTVU5CVkVVdExTMHRMUW89JyAtLWFwaXNlcnZlci1lbmRwb2ludCAnaHR0cHM6Ly85MEU3OTQ1MjgyODFBMjUyODFEOUYzNzYyNTAyRERCMy5ncjcuZXUtY2VudHJhbC0xLmVrcy5hbWF6b25hd3MuY29tJyAgLS1rdWJlbGV0LWV4dHJhLWFyZ3MgIiIgJ2Nsb3Vkc2tpZmYtZWtzLVE3WUY5UWF4JwoKIyBBbGxvdyB1c2VyIHN1cHBsaWVkIHVzZXJkYXRhIGNvZGUKCg==",
            "vpc_classic_link_id": "",
            "vpc_classic_link_security_groups": null
          },
          "private": "bnVsbA==",
          "dependencies": [
            "aws_key_pair.admin",
            "module.cluster-1.aws_cloudwatch_log_group.this",
            "module.cluster-1.aws_eks_cluster.this",
            "module.cluster-1.aws_iam_instance_profile.workers",
            "module.cluster-1.aws_iam_role.cluster",
            "module.cluster-1.aws_iam_role.workers",
            "module.cluster-1.aws_iam_role_policy_attachment.cluster_AmazonEKSClusterPolicy",
            "module.cluster-1.aws_iam_role_policy_attachment.cluster_AmazonEKSServicePolicy",
            "module.cluster-1.aws_security_group.cluster",
            "module.cluster-1.aws_security_group.workers",
            "module.vpc.aws_subnet.private",
            "module.vpc.aws_vpc.this",
            "module.vpc.aws_vpc_ipv4_cidr_block_association.this",
            "random_string.suffix"
          ]
        }
      ]
    },
    {
      "module": "module.cluster-1",
      "mode": "managed",
      "type": "aws_launch_template",
      "name": "workers_launch_template",
      "each": "list",
      "provider": "provider.aws",
      "instances": []
    },
    {
      "module": "module.vpc",
      "mode": "managed",
      "type": "aws_nat_gateway",
      "name": "this",
      "each": "list",
      "provider": "provider.aws",
      "instances": [
        {
          "index_key": 0,
          "schema_version": 0,
          "attributes": {
            "allocation_id": "eipalloc-0bb28bcb9c3c55c18",
            "id": "nat-0642747ce403f1517",
            "network_interface_id": "eni-0a232d101c5c95d00",
            "private_ip": "10.0.4.250",
            "public_ip": "3.127.125.116",
            "subnet_id": "subnet-0e69f57de8e592d6f",
            "tags": {
              "Name": "vpc-cloudskiff-eu-central-1a",
              "kubernetes.io/cluster/cloudskiff-eks-Q7YF9Qax": "owned"
            }
          },
          "private": "bnVsbA==",
          "dependencies": [
            "module.vpc.aws_eip.nat",
            "module.vpc.aws_internet_gateway.this",
            "module.vpc.aws_subnet.public",
            "module.vpc.aws_vpc.this",
            "module.vpc.aws_vpc_ipv4_cidr_block_association.this",
            "random_string.suffix"
          ]
        }
      ]
    },
    {
      "module": "module.vpc",
      "mode": "managed",
      "type": "aws_network_acl",
      "name": "database",
      "each": "list",
      "provider": "provider.aws",
      "instances": []
    },
    {
      "module": "module.vpc",
      "mode": "managed",
      "type": "aws_network_acl",
      "name": "elasticache",
      "each": "list",
      "provider": "provider.aws",
      "instances": []
    },
    {
      "module": "module.vpc",
      "mode": "managed",
      "type": "aws_network_acl",
      "name": "intra",
      "each": "list",
      "provider": "provider.aws",
      "instances": []
    },
    {
      "module": "module.vpc",
      "mode": "managed",
      "type": "aws_network_acl",
      "name": "private",
      "each": "list",
      "provider": "provider.aws",
      "instances": []
    },
    {
      "module": "module.vpc",
      "mode": "managed",
      "type": "aws_network_acl",
      "name": "public",
      "each": "list",
      "provider": "provider.aws",
      "instances": []
    },
    {
      "module": "module.vpc",
      "mode": "managed",
      "type": "aws_network_acl",
      "name": "redshift",
      "each": "list",
      "provider": "provider.aws",
      "instances": []
    },
    {
      "module": "module.vpc",
      "mode": "managed",
      "type": "aws_network_acl_rule",
      "name": "database_inbound",
      "each": "list",
      "provider": "provider.aws",
      "instances": []
    },
    {
      "module": "module.vpc",
      "mode": "managed",
      "type": "aws_network_acl_rule",
      "name": "database_outbound",
      "each": "list",
      "provider": "provider.aws",
      "instances": []
    },
    {
      "module": "module.vpc",
      "mode": "managed",
      "type": "aws_network_acl_rule",
      "name": "elasticache_inbound",
      "each": "list",
      "provider": "provider.aws",
      "instances": []
    },
    {
      "module": "module.vpc",
      "mode": "managed",
      "type": "aws_network_acl_rule",
      "name": "elasticache_outbound",
      "each": "list",
      "provider": "provider.aws",
      "instances": []
    },
    {
      "module": "module.vpc",
      "mode": "managed",
      "type": "aws_network_acl_rule",
      "name": "intra_inbound",
      "each": "list",
      "provider": "provider.aws",
      "instances": []
    },
    {
      "module": "module.vpc",
      "mode": "managed",
      "type": "aws_network_acl_rule",
      "name": "intra_outbound",
      "each": "list",
      "provider": "provider.aws",
      "instances": []
    },
    {
      "module": "module.vpc",
      "mode": "managed",
      "type": "aws_network_acl_rule",
      "name": "private_inbound",
      "each": "list",
      "provider": "provider.aws",
      "instances": []
    },
    {
      "module": "module.vpc",
      "mode": "managed",
      "type": "aws_network_acl_rule",
      "name": "private_outbound",
      "each": "list",
      "provider": "provider.aws",
      "instances": []
    },
    {
      "module": "module.vpc",
      "mode": "managed",
      "type": "aws_network_acl_rule",
      "name": "public_inbound",
      "each": "list",
      "provider": "provider.aws",
      "instances": []
    },
    {
      "module": "module.vpc",
      "mode": "managed",
      "type": "aws_network_acl_rule",
      "name": "public_outbound",
      "each": "list",
      "provider": "provider.aws",
      "instances": []
    },
    {
      "module": "module.vpc",
      "mode": "managed",
      "type": "aws_network_acl_rule",
      "name": "redshift_inbound",
      "each": "list",
      "provider": "provider.aws",
      "instances": []
    },
    {
      "module": "module.vpc",
      "mode": "managed",
      "type": "aws_network_acl_rule",
      "name": "redshift_outbound",
      "each": "list",
      "provider": "provider.aws",
      "instances": []
    },
    {
      "module": "module.vpc",
      "mode": "managed",
      "type": "aws_redshift_subnet_group",
      "name": "redshift",
      "each": "list",
      "provider": "provider.aws",
      "instances": []
    },
    {
      "module": "module.vpc",
      "mode": "managed",
      "type": "aws_route",
      "name": "database_internet_gateway",
      "each": "list",
      "provider": "provider.aws",
      "instances": []
    },
    {
      "module": "module.vpc",
      "mode": "managed",
      "type": "aws_route",
      "name": "database_ipv6_egress",
      "each": "list",
      "provider": "provider.aws",
      "instances": []
    },
    {
      "module": "module.vpc",
      "mode": "managed",
      "type": "aws_route",
      "name": "database_nat_gateway",
      "each": "list",
      "provider": "provider.aws",
      "instances": []
    },
    {
      "module": "module.vpc",
      "mode": "managed",
      "type": "aws_route",
      "name": "private_ipv6_egress",
      "each": "list",
      "provider": "provider.aws",
      "instances": []
    },
    {
      "module": "module.vpc",
      "mode": "managed",
      "type": "aws_route",
      "name": "private_nat_gateway",
      "each": "list",
      "provider": "provider.aws",
      "instances": [
        {
          "index_key": 0,
          "schema_version": 0,
          "attributes": {
            "destination_cidr_block": "0.0.0.0/0",
            "destination_ipv6_cidr_block": null,
            "destination_prefix_list_id": "",
            "egress_only_gateway_id": "",
            "gateway_id": "",
            "id": "r-rtb-00ee7149892983a4c1080289494",
            "instance_id": "",
            "instance_owner_id": "",
            "nat_gateway_id": "nat-0642747ce403f1517",
            "network_interface_id": "",
            "origin": "CreateRoute",
            "route_table_id": "rtb-00ee7149892983a4c",
            "state": "active",
            "timeouts": {
              "create": "5m",
              "delete": null
            },
            "transit_gateway_id": "",
            "vpc_peering_connection_id": ""
          },
          "private": "eyJlMmJmYjczMC1lY2FhLTExZTYtOGY4OC0zNDM2M2JjN2M0YzAiOnsiY3JlYXRlIjozMDAwMDAwMDAwMDAsImRlbGV0ZSI6MzAwMDAwMDAwMDAwfX0=",
          "dependencies": [
            "module.vpc.aws_eip.nat",
            "module.vpc.aws_internet_gateway.this",
            "module.vpc.aws_nat_gateway.this",
            "module.vpc.aws_route_table.private",
            "module.vpc.aws_subnet.public",
            "module.vpc.aws_vpc.this",
            "module.vpc.aws_vpc_ipv4_cidr_block_association.this",
            "random_string.suffix"
          ]
        }
      ]
    },
    {
      "module": "module.vpc",
      "mode": "managed",
      "type": "aws_route",
      "name": "public_internet_gateway",
      "each": "list",
      "provider": "provider.aws",
      "instances": [
        {
          "index_key": 0,
          "schema_version": 0,
          "attributes": {
            "destination_cidr_block": "0.0.0.0/0",
            "destination_ipv6_cidr_block": null,
            "destination_prefix_list_id": "",
            "egress_only_gateway_id": "",
            "gateway_id": "igw-0b6fab1ba2f2c286d",
            "id": "r-rtb-0379f035956eb811f1080289494",
            "instance_id": "",
            "instance_owner_id": "",
            "nat_gateway_id": "",
            "network_interface_id": "",
            "origin": "CreateRoute",
            "route_table_id": "rtb-0379f035956eb811f",
            "state": "active",
            "timeouts": {
              "create": "5m",
              "delete": null
            },
            "transit_gateway_id": "",
            "vpc_peering_connection_id": ""
          },
          "private": "eyJlMmJmYjczMC1lY2FhLTExZTYtOGY4OC0zNDM2M2JjN2M0YzAiOnsiY3JlYXRlIjozMDAwMDAwMDAwMDAsImRlbGV0ZSI6MzAwMDAwMDAwMDAwfX0=",
          "dependencies": [
            "module.vpc.aws_internet_gateway.this",
            "module.vpc.aws_route_table.public",
            "module.vpc.aws_vpc.this",
            "module.vpc.aws_vpc_ipv4_cidr_block_association.this",
            "random_string.suffix"
          ]
        }
      ]
    },
    {
      "module": "module.vpc",
      "mode": "managed",
      "type": "aws_route",
      "name": "public_internet_gateway_ipv6",
      "each": "list",
      "provider": "provider.aws",
      "instances": []
    },
    {
      "module": "module.vpc",
      "mode": "managed",
      "type": "aws_route_table",
      "name": "database",
      "each": "list",
      "provider": "provider.aws",
      "instances": []
    },
    {
      "module": "module.vpc",
      "mode": "managed",
      "type": "aws_route_table",
      "name": "elasticache",
      "each": "list",
      "provider": "provider.aws",
      "instances": []
    },
    {
      "module": "module.vpc",
      "mode": "managed",
      "type": "aws_route_table",
      "name": "intra",
      "each": "list",
      "provider": "provider.aws",
      "instances": []
    },
    {
      "module": "module.vpc",
      "mode": "managed",
      "type": "aws_route_table",
      "name": "private",
      "each": "list",
      "provider": "provider.aws",
      "instances": [
        {
          "index_key": 0,
          "schema_version": 0,
          "attributes": {
            "id": "rtb-00ee7149892983a4c",
            "owner_id": "766514749351",
            "propagating_vgws": [],
            "route": [],
            "tags": {
              "Name": "vpc-cloudskiff-private",
              "kubernetes.io/cluster/cloudskiff-eks-Q7YF9Qax": "owned"
            },
            "vpc_id": "vpc-0094641f47719bc4e"
          },
          "private": "bnVsbA==",
          "dependencies": [
            "module.vpc.aws_vpc.this",
            "module.vpc.aws_vpc_ipv4_cidr_block_association.this",
            "random_string.suffix"
          ]
        }
      ]
    },
    {
      "module": "module.vpc",
      "mode": "managed",
      "type": "aws_route_table",
      "name": "public",
      "each": "list",
      "provider": "provider.aws",
      "instances": [
        {
          "index_key": 0,
          "schema_version": 0,
          "attributes": {
            "id": "rtb-0379f035956eb811f",
            "owner_id": "766514749351",
            "propagating_vgws": [],
            "route": [],
            "tags": {
              "Name": "vpc-cloudskiff-public",
              "kubernetes.io/cluster/cloudskiff-eks-Q7YF9Qax": "owned"
            },
            "vpc_id": "vpc-0094641f47719bc4e"
          },
          "private": "bnVsbA==",
          "dependencies": [
            "module.vpc.aws_vpc.this",
            "module.vpc.aws_vpc_ipv4_cidr_block_association.this",
            "random_string.suffix"
          ]
        }
      ]
    },
    {
      "module": "module.vpc",
      "mode": "managed",
      "type": "aws_route_table",
      "name": "redshift",
      "each": "list",
      "provider": "provider.aws",
      "instances": []
    },
    {
      "module": "module.vpc",
      "mode": "managed",
      "type": "aws_route_table_association",
      "name": "database",
      "each": "list",
      "provider": "provider.aws",
      "instances": []
    },
    {
      "module": "module.vpc",
      "mode": "managed",
      "type": "aws_route_table_association",
      "name": "elasticache",
      "each": "list",
      "provider": "provider.aws",
      "instances": []
    },
    {
      "module": "module.vpc",
      "mode": "managed",
      "type": "aws_route_table_association",
      "name": "intra",
      "each": "list",
      "provider": "provider.aws",
      "instances": []
    },
    {
      "module": "module.vpc",
      "mode": "managed",
      "type": "aws_route_table_association",
      "name": "private",
      "each": "list",
      "provider": "provider.aws",
      "instances": [
        {
          "index_key": 0,
          "schema_version": 0,
          "attributes": {
            "gateway_id": null,
            "id": "rtbassoc-0020cb9cd91a5e69b",
            "route_table_id": "rtb-00ee7149892983a4c",
            "subnet_id": "subnet-03586233b02cfb1a8"
          },
          "private": "bnVsbA==",
          "dependencies": [
            "module.vpc.aws_route_table.private",
            "module.vpc.aws_subnet.private",
            "module.vpc.aws_vpc.this",
            "module.vpc.aws_vpc_ipv4_cidr_block_association.this",
            "random_string.suffix"
          ]
        },
        {
          "index_key": 1,
          "schema_version": 0,
          "attributes": {
            "gateway_id": null,
            "id": "rtbassoc-0bd12cc335e3b51fb",
            "route_table_id": "rtb-00ee7149892983a4c",
            "subnet_id": "subnet-03f8e286d2ea0a588"
          },
          "private": "bnVsbA==",
          "dependencies": [
            "module.vpc.aws_route_table.private",
            "module.vpc.aws_subnet.private",
            "module.vpc.aws_vpc.this",
            "module.vpc.aws_vpc_ipv4_cidr_block_association.this",
            "random_string.suffix"
          ]
        },
        {
          "index_key": 2,
          "schema_version": 0,
          "attributes": {
            "gateway_id": null,
            "id": "rtbassoc-0885fc827feb3e6fa",
            "route_table_id": "rtb-00ee7149892983a4c",
            "subnet_id": "subnet-0d932cbd7defdb8b6"
          },
          "private": "bnVsbA==",
          "dependencies": [
            "module.vpc.aws_route_table.private",
            "module.vpc.aws_subnet.private",
            "module.vpc.aws_vpc.this",
            "module.vpc.aws_vpc_ipv4_cidr_block_association.this",
            "random_string.suffix"
          ]
        }
      ]
    },
    {
      "module": "module.vpc",
      "mode": "managed",
      "type": "aws_route_table_association",
      "name": "public",
      "each": "list",
      "provider": "provider.aws",
      "instances": [
        {
          "index_key": 0,
          "schema_version": 0,
          "attributes": {
            "gateway_id": null,
            "id": "rtbassoc-0cbfc5be9eed7551f",
            "route_table_id": "rtb-0379f035956eb811f",
            "subnet_id": "subnet-0e69f57de8e592d6f"
          },
          "private": "bnVsbA==",
          "dependencies": [
            "module.vpc.aws_route_table.public",
            "module.vpc.aws_subnet.public",
            "module.vpc.aws_vpc.this",
            "module.vpc.aws_vpc_ipv4_cidr_block_association.this",
            "random_string.suffix"
          ]
        },
        {
          "index_key": 1,
          "schema_version": 0,
          "attributes": {
            "gateway_id": null,
            "id": "rtbassoc-0208b6923c7cabfdc",
            "route_table_id": "rtb-0379f035956eb811f",
            "subnet_id": "subnet-07a9676e2c089c671"
          },
          "private": "bnVsbA==",
          "dependencies": [
            "module.vpc.aws_route_table.public",
            "module.vpc.aws_subnet.public",
            "module.vpc.aws_vpc.this",
            "module.vpc.aws_vpc_ipv4_cidr_block_association.this",
            "random_string.suffix"
          ]
        },
        {
          "index_key": 2,
          "schema_version": 0,
          "attributes": {
            "gateway_id": null,
            "id": "rtbassoc-0a73394e4b8d2d734",
            "route_table_id": "rtb-0379f035956eb811f",
            "subnet_id": "subnet-06b1ce1a442301e6a"
          },
          "private": "bnVsbA==",
          "dependencies": [
            "module.vpc.aws_route_table.public",
            "module.vpc.aws_subnet.public",
            "module.vpc.aws_vpc.this",
            "module.vpc.aws_vpc_ipv4_cidr_block_association.this",
            "random_string.suffix"
          ]
        }
      ]
    },
    {
      "module": "module.vpc",
      "mode": "managed",
      "type": "aws_route_table_association",
      "name": "redshift",
      "each": "list",
      "provider": "provider.aws",
      "instances": []
    },
    {
      "module": "module.vpc",
      "mode": "managed",
      "type": "aws_route_table_association",
      "name": "redshift_public",
      "each": "list",
      "provider": "provider.aws",
      "instances": []
    },
    {
      "module": "module.cluster-1",
      "mode": "managed",
      "type": "aws_security_group",
      "name": "cluster",
      "each": "list",
      "provider": "provider.aws",
      "instances": [
        {
          "index_key": 0,
          "schema_version": 1,
          "attributes": {
            "arn": "arn:aws:ec2:eu-central-1:766514749351:security-group/sg-03ca1b3eef594bda1",
            "description": "EKS cluster security group.",
            "egress": [],
            "id": "sg-03ca1b3eef594bda1",
            "ingress": [],
            "name": "cloudskiff-eks-Q7YF9Qax20200311104031329000000004",
            "name_prefix": "cloudskiff-eks-Q7YF9Qax",
            "owner_id": "766514749351",
            "revoke_rules_on_delete": false,
            "tags": {
              "CloudSkiff": "true",
              "Name": "cloudskiff-eks-Q7YF9Qax-eks_cluster_sg",
              "Terraform": "true",
              "environment": "production"
            },
            "timeouts": null,
            "vpc_id": "vpc-0094641f47719bc4e"
          },
          "private": "eyJlMmJmYjczMC1lY2FhLTExZTYtOGY4OC0zNDM2M2JjN2M0YzAiOnsiY3JlYXRlIjo2MDAwMDAwMDAwMDAsImRlbGV0ZSI6NjAwMDAwMDAwMDAwfSwic2NoZW1hX3ZlcnNpb24iOiIxIn0=",
          "dependencies": [
            "module.vpc.aws_vpc.this",
            "random_string.suffix"
          ]
        }
      ]
    },
    {
      "module": "module.cluster-1",
      "mode": "managed",
      "type": "aws_security_group",
      "name": "workers",
      "each": "list",
      "provider": "provider.aws",
      "instances": [
        {
          "index_key": 0,
          "schema_version": 1,
          "attributes": {
            "arn": "arn:aws:ec2:eu-central-1:766514749351:security-group/sg-05103f9a2cfaaef96",
            "description": "Security group for all nodes in the cluster.",
            "egress": [],
            "id": "sg-05103f9a2cfaaef96",
            "ingress": [],
            "name": "cloudskiff-eks-Q7YF9Qax20200311104945285000000006",
            "name_prefix": "cloudskiff-eks-Q7YF9Qax",
            "owner_id": "766514749351",
            "revoke_rules_on_delete": false,
            "tags": {
              "CloudSkiff": "true",
              "Name": "cloudskiff-eks-Q7YF9Qax-eks_worker_sg",
              "Terraform": "true",
              "environment": "production",
              "kubernetes.io/cluster/cloudskiff-eks-Q7YF9Qax": "owned"
            },
            "timeouts": null,
            "vpc_id": "vpc-0094641f47719bc4e"
          },
          "private": "eyJlMmJmYjczMC1lY2FhLTExZTYtOGY4OC0zNDM2M2JjN2M0YzAiOnsiY3JlYXRlIjo2MDAwMDAwMDAwMDAsImRlbGV0ZSI6NjAwMDAwMDAwMDAwfSwic2NoZW1hX3ZlcnNpb24iOiIxIn0=",
          "dependencies": [
            "module.cluster-1.aws_cloudwatch_log_group.this",
            "module.cluster-1.aws_eks_cluster.this",
            "module.cluster-1.aws_iam_role.cluster",
            "module.cluster-1.aws_iam_role_policy_attachment.cluster_AmazonEKSClusterPolicy",
            "module.cluster-1.aws_iam_role_policy_attachment.cluster_AmazonEKSServicePolicy",
            "module.cluster-1.aws_security_group.cluster",
            "module.vpc.aws_subnet.private",
            "module.vpc.aws_vpc.this",
            "module.vpc.aws_vpc_ipv4_cidr_block_association.this",
            "random_string.suffix"
          ]
        }
      ]
    },
    {
      "module": "module.cluster-1",
      "mode": "managed",
      "type": "aws_security_group_rule",
      "name": "cluster_egress_internet",
      "each": "list",
      "provider": "provider.aws",
      "instances": [
        {
          "index_key": 0,
          "schema_version": 2,
          "attributes": {
            "cidr_blocks": [
              "0.0.0.0/0"
            ],
            "description": "Allow cluster egress access to the Internet.",
            "from_port": 0,
            "id": "sgrule-909111337",
            "ipv6_cidr_blocks": null,
            "prefix_list_ids": null,
            "protocol": "-1",
            "security_group_id": "sg-03ca1b3eef594bda1",
            "self": false,
            "source_security_group_id": null,
            "to_port": 0,
            "type": "egress"
          },
          "private": "eyJzY2hlbWFfdmVyc2lvbiI6IjIifQ==",
          "dependencies": [
            "module.cluster-1.aws_security_group.cluster",
            "module.vpc.aws_vpc.this",
            "random_string.suffix"
          ]
        }
      ]
    },
    {
      "module": "module.cluster-1",
      "mode": "managed",
      "type": "aws_security_group_rule",
      "name": "cluster_https_worker_ingress",
      "each": "list",
      "provider": "provider.aws",
      "instances": [
        {
          "index_key": 0,
          "schema_version": 2,
          "attributes": {
            "cidr_blocks": null,
            "description": "Allow pods to communicate with the EKS cluster API.",
            "from_port": 443,
            "id": "sgrule-2630081355",
            "ipv6_cidr_blocks": null,
            "prefix_list_ids": null,
            "protocol": "tcp",
            "security_group_id": "sg-03ca1b3eef594bda1",
            "self": false,
            "source_security_group_id": "sg-05103f9a2cfaaef96",
            "to_port": 443,
            "type": "ingress"
          },
          "private": "eyJzY2hlbWFfdmVyc2lvbiI6IjIifQ==",
          "dependencies": [
            "module.cluster-1.aws_cloudwatch_log_group.this",
            "module.cluster-1.aws_eks_cluster.this",
            "module.cluster-1.aws_iam_role.cluster",
            "module.cluster-1.aws_iam_role_policy_attachment.cluster_AmazonEKSClusterPolicy",
            "module.cluster-1.aws_iam_role_policy_attachment.cluster_AmazonEKSServicePolicy",
            "module.cluster-1.aws_security_group.cluster",
            "module.cluster-1.aws_security_group.workers",
            "module.vpc.aws_subnet.private",
            "module.vpc.aws_vpc.this",
            "module.vpc.aws_vpc_ipv4_cidr_block_association.this",
            "random_string.suffix"
          ]
        }
      ]
    },
    {
      "module": "module.cluster-1",
      "mode": "managed",
      "type": "aws_security_group_rule",
      "name": "workers_egress_internet",
      "each": "list",
      "provider": "provider.aws",
      "instances": [
        {
          "index_key": 0,
          "schema_version": 2,
          "attributes": {
            "cidr_blocks": [
              "0.0.0.0/0"
            ],
            "description": "Allow nodes all egress to the Internet.",
            "from_port": 0,
            "id": "sgrule-3252205619",
            "ipv6_cidr_blocks": null,
            "prefix_list_ids": null,
            "protocol": "-1",
            "security_group_id": "sg-05103f9a2cfaaef96",
            "self": false,
            "source_security_group_id": null,
            "to_port": 0,
            "type": "egress"
          },
          "private": "eyJzY2hlbWFfdmVyc2lvbiI6IjIifQ==",
          "dependencies": [
            "module.cluster-1.aws_cloudwatch_log_group.this",
            "module.cluster-1.aws_eks_cluster.this",
            "module.cluster-1.aws_iam_role.cluster",
            "module.cluster-1.aws_iam_role_policy_attachment.cluster_AmazonEKSClusterPolicy",
            "module.cluster-1.aws_iam_role_policy_attachment.cluster_AmazonEKSServicePolicy",
            "module.cluster-1.aws_security_group.cluster",
            "module.cluster-1.aws_security_group.workers",
            "module.vpc.aws_subnet.private",
            "module.vpc.aws_vpc.this",
            "module.vpc.aws_vpc_ipv4_cidr_block_association.this",
            "random_string.suffix"
          ]
        }
      ]
    },
    {
      "module": "module.cluster-1",
      "mode": "managed",
      "type": "aws_security_group_rule",
      "name": "workers_ingress_cluster",
      "each": "list",
      "provider": "provider.aws",
      "instances": [
        {
          "index_key": 0,
          "schema_version": 2,
          "attributes": {
            "cidr_blocks": null,
            "description": "Allow workers pods to receive communication from the cluster control plane.",
            "from_port": 1025,
            "id": "sgrule-389140698",
            "ipv6_cidr_blocks": null,
            "prefix_list_ids": null,
            "protocol": "tcp",
            "security_group_id": "sg-05103f9a2cfaaef96",
            "self": false,
            "source_security_group_id": "sg-03ca1b3eef594bda1",
            "to_port": 65535,
            "type": "ingress"
          },
          "private": "eyJzY2hlbWFfdmVyc2lvbiI6IjIifQ==",
          "dependencies": [
            "module.cluster-1.aws_cloudwatch_log_group.this",
            "module.cluster-1.aws_eks_cluster.this",
            "module.cluster-1.aws_iam_role.cluster",
            "module.cluster-1.aws_iam_role_policy_attachment.cluster_AmazonEKSClusterPolicy",
            "module.cluster-1.aws_iam_role_policy_attachment.cluster_AmazonEKSServicePolicy",
            "module.cluster-1.aws_security_group.cluster",
            "module.cluster-1.aws_security_group.workers",
            "module.vpc.aws_subnet.private",
            "module.vpc.aws_vpc.this",
            "module.vpc.aws_vpc_ipv4_cidr_block_association.this",
            "random_string.suffix"
          ]
        }
      ]
    },
    {
      "module": "module.cluster-1",
      "mode": "managed",
      "type": "aws_security_group_rule",
      "name": "workers_ingress_cluster_https",
      "each": "list",
      "provider": "provider.aws",
      "instances": [
        {
          "index_key": 0,
          "schema_version": 2,
          "attributes": {
            "cidr_blocks": null,
            "description": "Allow pods running extension API servers on port 443 to receive communication from cluster control plane.",
            "from_port": 443,
            "id": "sgrule-2279185769",
            "ipv6_cidr_blocks": null,
            "prefix_list_ids": null,
            "protocol": "tcp",
            "security_group_id": "sg-05103f9a2cfaaef96",
            "self": false,
            "source_security_group_id": "sg-03ca1b3eef594bda1",
            "to_port": 443,
            "type": "ingress"
          },
          "private": "eyJzY2hlbWFfdmVyc2lvbiI6IjIifQ==",
          "dependencies": [
            "module.cluster-1.aws_cloudwatch_log_group.this",
            "module.cluster-1.aws_eks_cluster.this",
            "module.cluster-1.aws_iam_role.cluster",
            "module.cluster-1.aws_iam_role_policy_attachment.cluster_AmazonEKSClusterPolicy",
            "module.cluster-1.aws_iam_role_policy_attachment.cluster_AmazonEKSServicePolicy",
            "module.cluster-1.aws_security_group.cluster",
            "module.cluster-1.aws_security_group.workers",
            "module.vpc.aws_subnet.private",
            "module.vpc.aws_vpc.this",
            "module.vpc.aws_vpc_ipv4_cidr_block_association.this",
            "random_string.suffix"
          ]
        }
      ]
    },
    {
      "module": "module.cluster-1",
      "mode": "managed",
      "type": "aws_security_group_rule",
      "name": "workers_ingress_cluster_kubelet",
      "each": "list",
      "provider": "provider.aws",
      "instances": []
    },
    {
      "module": "module.cluster-1",
      "mode": "managed",
      "type": "aws_security_group_rule",
      "name": "workers_ingress_self",
      "each": "list",
      "provider": "provider.aws",
      "instances": [
        {
          "index_key": 0,
          "schema_version": 2,
          "attributes": {
            "cidr_blocks": null,
            "description": "Allow node to communicate with each other.",
            "from_port": 0,
            "id": "sgrule-1863142057",
            "ipv6_cidr_blocks": null,
            "prefix_list_ids": null,
            "protocol": "-1",
            "security_group_id": "sg-05103f9a2cfaaef96",
            "self": false,
            "source_security_group_id": "sg-05103f9a2cfaaef96",
            "to_port": 65535,
            "type": "ingress"
          },
          "private": "eyJzY2hlbWFfdmVyc2lvbiI6IjIifQ==",
          "dependencies": [
            "module.cluster-1.aws_cloudwatch_log_group.this",
            "module.cluster-1.aws_eks_cluster.this",
            "module.cluster-1.aws_iam_role.cluster",
            "module.cluster-1.aws_iam_role_policy_attachment.cluster_AmazonEKSClusterPolicy",
            "module.cluster-1.aws_iam_role_policy_attachment.cluster_AmazonEKSServicePolicy",
            "module.cluster-1.aws_security_group.cluster",
            "module.cluster-1.aws_security_group.workers",
            "module.vpc.aws_subnet.private",
            "module.vpc.aws_vpc.this",
            "module.vpc.aws_vpc_ipv4_cidr_block_association.this",
            "random_string.suffix"
          ]
        }
      ]
    },
    {
      "module": "module.vpc",
      "mode": "managed",
      "type": "aws_subnet",
      "name": "database",
      "each": "list",
      "provider": "provider.aws",
      "instances": []
    },
    {
      "module": "module.vpc",
      "mode": "managed",
      "type": "aws_subnet",
      "name": "elasticache",
      "each": "list",
      "provider": "provider.aws",
      "instances": []
    },
    {
      "module": "module.vpc",
      "mode": "managed",
      "type": "aws_subnet",
      "name": "intra",
      "each": "list",
      "provider": "provider.aws",
      "instances": []
    },
    {
      "module": "module.vpc",
      "mode": "managed",
      "type": "aws_subnet",
      "name": "private",
      "each": "list",
      "provider": "provider.aws",
      "instances": [
        {
          "index_key": 0,
          "schema_version": 1,
          "attributes": {
            "arn": "arn:aws:ec2:eu-central-1:766514749351:subnet/subnet-03586233b02cfb1a8",
            "assign_ipv6_address_on_creation": false,
            "availability_zone": "eu-central-1a",
            "availability_zone_id": "euc1-az2",
            "cidr_block": "10.0.1.0/24",
            "id": "subnet-03586233b02cfb1a8",
            "ipv6_cidr_block": "",
            "ipv6_cidr_block_association_id": "",
            "map_public_ip_on_launch": false,
            "owner_id": "766514749351",
            "tags": {
              "Name": "vpc-cloudskiff-private-eu-central-1a",
              "kubernetes.io/cluster/cloudskiff-eks-Q7YF9Qax": "shared",
              "kubernetes.io/role/internal-elb": "true"
            },
            "timeouts": null,
            "vpc_id": "vpc-0094641f47719bc4e"
          },
          "private": "eyJlMmJmYjczMC1lY2FhLTExZTYtOGY4OC0zNDM2M2JjN2M0YzAiOnsiY3JlYXRlIjo2MDAwMDAwMDAwMDAsImRlbGV0ZSI6MTIwMDAwMDAwMDAwMH0sInNjaGVtYV92ZXJzaW9uIjoiMSJ9",
          "dependencies": [
            "module.vpc.aws_vpc.this",
            "module.vpc.aws_vpc_ipv4_cidr_block_association.this",
            "random_string.suffix"
          ]
        },
        {
          "index_key": 1,
          "schema_version": 1,
          "attributes": {
            "arn": "arn:aws:ec2:eu-central-1:766514749351:subnet/subnet-03f8e286d2ea0a588",
            "assign_ipv6_address_on_creation": false,
            "availability_zone": "eu-central-1b",
            "availability_zone_id": "euc1-az3",
            "cidr_block": "10.0.2.0/24",
            "id": "subnet-03f8e286d2ea0a588",
            "ipv6_cidr_block": "",
            "ipv6_cidr_block_association_id": "",
            "map_public_ip_on_launch": false,
            "owner_id": "766514749351",
            "tags": {
              "Name": "vpc-cloudskiff-private-eu-central-1b",
              "kubernetes.io/cluster/cloudskiff-eks-Q7YF9Qax": "shared",
              "kubernetes.io/role/internal-elb": "true"
            },
            "timeouts": null,
            "vpc_id": "vpc-0094641f47719bc4e"
          },
          "private": "eyJlMmJmYjczMC1lY2FhLTExZTYtOGY4OC0zNDM2M2JjN2M0YzAiOnsiY3JlYXRlIjo2MDAwMDAwMDAwMDAsImRlbGV0ZSI6MTIwMDAwMDAwMDAwMH0sInNjaGVtYV92ZXJzaW9uIjoiMSJ9",
          "dependencies": [
            "module.vpc.aws_vpc.this",
            "module.vpc.aws_vpc_ipv4_cidr_block_association.this",
            "random_string.suffix"
          ]
        },
        {
          "index_key": 2,
          "schema_version": 1,
          "attributes": {
            "arn": "arn:aws:ec2:eu-central-1:766514749351:subnet/subnet-0d932cbd7defdb8b6",
            "assign_ipv6_address_on_creation": false,
            "availability_zone": "eu-central-1c",
            "availability_zone_id": "euc1-az1",
            "cidr_block": "10.0.3.0/24",
            "id": "subnet-0d932cbd7defdb8b6",
            "ipv6_cidr_block": "",
            "ipv6_cidr_block_association_id": "",
            "map_public_ip_on_launch": false,
            "owner_id": "766514749351",
            "tags": {
              "Name": "vpc-cloudskiff-private-eu-central-1c",
              "kubernetes.io/cluster/cloudskiff-eks-Q7YF9Qax": "shared",
              "kubernetes.io/role/internal-elb": "true"
            },
            "timeouts": null,
            "vpc_id": "vpc-0094641f47719bc4e"
          },
          "private": "eyJlMmJmYjczMC1lY2FhLTExZTYtOGY4OC0zNDM2M2JjN2M0YzAiOnsiY3JlYXRlIjo2MDAwMDAwMDAwMDAsImRlbGV0ZSI6MTIwMDAwMDAwMDAwMH0sInNjaGVtYV92ZXJzaW9uIjoiMSJ9",
          "dependencies": [
            "module.vpc.aws_vpc.this",
            "module.vpc.aws_vpc_ipv4_cidr_block_association.this",
            "random_string.suffix"
          ]
        }
      ]
    },
    {
      "module": "module.vpc",
      "mode": "managed",
      "type": "aws_subnet",
      "name": "public",
      "each": "list",
      "provider": "provider.aws",
      "instances": [
        {
          "index_key": 0,
          "schema_version": 1,
          "attributes": {
            "arn": "arn:aws:ec2:eu-central-1:766514749351:subnet/subnet-0e69f57de8e592d6f",
            "assign_ipv6_address_on_creation": false,
            "availability_zone": "eu-central-1a",
            "availability_zone_id": "euc1-az2",
            "cidr_block": "10.0.4.0/24",
            "id": "subnet-0e69f57de8e592d6f",
            "ipv6_cidr_block": "",
            "ipv6_cidr_block_association_id": "",
            "map_public_ip_on_launch": true,
            "owner_id": "766514749351",
            "tags": {
              "Name": "vpc-cloudskiff-public-eu-central-1a",
              "kubernetes.io/cluster/cloudskiff-eks-Q7YF9Qax": "shared",
              "kubernetes.io/role/elb": "1"
            },
            "timeouts": null,
            "vpc_id": "vpc-0094641f47719bc4e"
          },
          "private": "eyJlMmJmYjczMC1lY2FhLTExZTYtOGY4OC0zNDM2M2JjN2M0YzAiOnsiY3JlYXRlIjo2MDAwMDAwMDAwMDAsImRlbGV0ZSI6MTIwMDAwMDAwMDAwMH0sInNjaGVtYV92ZXJzaW9uIjoiMSJ9",
          "dependencies": [
            "module.vpc.aws_vpc.this",
            "module.vpc.aws_vpc_ipv4_cidr_block_association.this",
            "random_string.suffix"
          ]
        },
        {
          "index_key": 1,
          "schema_version": 1,
          "attributes": {
            "arn": "arn:aws:ec2:eu-central-1:766514749351:subnet/subnet-07a9676e2c089c671",
            "assign_ipv6_address_on_creation": false,
            "availability_zone": "eu-central-1b",
            "availability_zone_id": "euc1-az3",
            "cidr_block": "10.0.5.0/24",
            "id": "subnet-07a9676e2c089c671",
            "ipv6_cidr_block": "",
            "ipv6_cidr_block_association_id": "",
            "map_public_ip_on_launch": true,
            "owner_id": "766514749351",
            "tags": {
              "Name": "vpc-cloudskiff-public-eu-central-1b",
              "kubernetes.io/cluster/cloudskiff-eks-Q7YF9Qax": "shared",
              "kubernetes.io/role/elb": "1"
            },
            "timeouts": null,
            "vpc_id": "vpc-0094641f47719bc4e"
          },
          "private": "eyJlMmJmYjczMC1lY2FhLTExZTYtOGY4OC0zNDM2M2JjN2M0YzAiOnsiY3JlYXRlIjo2MDAwMDAwMDAwMDAsImRlbGV0ZSI6MTIwMDAwMDAwMDAwMH0sInNjaGVtYV92ZXJzaW9uIjoiMSJ9",
          "dependencies": [
            "module.vpc.aws_vpc.this",
            "module.vpc.aws_vpc_ipv4_cidr_block_association.this",
            "random_string.suffix"
          ]
        },
        {
          "index_key": 2,
          "schema_version": 1,
          "attributes": {
            "arn": "arn:aws:ec2:eu-central-1:766514749351:subnet/subnet-06b1ce1a442301e6a",
            "assign_ipv6_address_on_creation": false,
            "availability_zone": "eu-central-1c",
            "availability_zone_id": "euc1-az1",
            "cidr_block": "10.0.6.0/24",
            "id": "subnet-06b1ce1a442301e6a",
            "ipv6_cidr_block": "",
            "ipv6_cidr_block_association_id": "",
            "map_public_ip_on_launch": true,
            "owner_id": "766514749351",
            "tags": {
              "Name": "vpc-cloudskiff-public-eu-central-1c",
              "kubernetes.io/cluster/cloudskiff-eks-Q7YF9Qax": "shared",
              "kubernetes.io/role/elb": "1"
            },
            "timeouts": null,
            "vpc_id": "vpc-0094641f47719bc4e"
          },
          "private": "eyJlMmJmYjczMC1lY2FhLTExZTYtOGY4OC0zNDM2M2JjN2M0YzAiOnsiY3JlYXRlIjo2MDAwMDAwMDAwMDAsImRlbGV0ZSI6MTIwMDAwMDAwMDAwMH0sInNjaGVtYV92ZXJzaW9uIjoiMSJ9",
          "dependencies": [
            "module.vpc.aws_vpc.this",
            "module.vpc.aws_vpc_ipv4_cidr_block_association.this",
            "random_string.suffix"
          ]
        }
      ]
    },
    {
      "module": "module.vpc",
      "mode": "managed",
      "type": "aws_subnet",
      "name": "redshift",
      "each": "list",
      "provider": "provider.aws",
      "instances": []
    },
    {
      "module": "module.vpc",
      "mode": "managed",
      "type": "aws_vpc",
      "name": "this",
      "each": "list",
      "provider": "provider.aws",
      "instances": [
        {
          "index_key": 0,
          "schema_version": 1,
          "attributes": {
            "arn": "arn:aws:ec2:eu-central-1:766514749351:vpc/vpc-0094641f47719bc4e",
            "assign_generated_ipv6_cidr_block": false,
            "cidr_block": "10.0.0.0/16",
            "default_network_acl_id": "acl-02e79e3b2ab3408fc",
            "default_route_table_id": "rtb-02a03f4e58c22f2f7",
            "default_security_group_id": "sg-0eaf98552ef664409",
            "dhcp_options_id": "dopt-f714db9d",
            "enable_classiclink": null,
            "enable_classiclink_dns_support": null,
            "enable_dns_hostnames": true,
            "enable_dns_support": true,
            "id": "vpc-0094641f47719bc4e",
            "instance_tenancy": "default",
            "ipv6_association_id": "",
            "ipv6_cidr_block": "",
            "main_route_table_id": "rtb-02a03f4e58c22f2f7",
            "owner_id": "766514749351",
            "tags": {
              "Name": "vpc-cloudskiff",
              "kubernetes.io/cluster/cloudskiff-eks-Q7YF9Qax": "owned"
            }
          },
          "private": "eyJzY2hlbWFfdmVyc2lvbiI6IjEifQ==",
          "dependencies": [
            "random_string.suffix"
          ]
        }
      ]
    },
    {
      "module": "module.vpc",
      "mode": "managed",
      "type": "aws_vpc_dhcp_options",
      "name": "this",
      "each": "list",
      "provider": "provider.aws",
      "instances": []
    },
    {
      "module": "module.vpc",
      "mode": "managed",
      "type": "aws_vpc_dhcp_options_association",
      "name": "this",
      "each": "list",
      "provider": "provider.aws",
      "instances": []
    },
    {
      "module": "module.vpc",
      "mode": "managed",
      "type": "aws_vpc_endpoint",
      "name": "apigw",
      "each": "list",
      "provider": "provider.aws",
      "instances": []
    },
    {
      "module": "module.vpc",
      "mode": "managed",
      "type": "aws_vpc_endpoint",
      "name": "appmesh_envoy_management",
      "each": "list",
      "provider": "provider.aws",
      "instances": []
    },
    {
      "module": "module.vpc",
      "mode": "managed",
      "type": "aws_vpc_endpoint",
      "name": "appstream",
      "each": "list",
      "provider": "provider.aws",
      "instances": []
    },
    {
      "module": "module.vpc",
      "mode": "managed",
      "type": "aws_vpc_endpoint",
      "name": "athena",
      "each": "list",
      "provider": "provider.aws",
      "instances": []
    },
    {
      "module": "module.vpc",
      "mode": "managed",
      "type": "aws_vpc_endpoint",
      "name": "cloudformation",
      "each": "list",
      "provider": "provider.aws",
      "instances": []
    },
    {
      "module": "module.vpc",
      "mode": "managed",
      "type": "aws_vpc_endpoint",
      "name": "cloudtrail",
      "each": "list",
      "provider": "provider.aws",
      "instances": []
    },
    {
      "module": "module.vpc",
      "mode": "managed",
      "type": "aws_vpc_endpoint",
      "name": "codebuild",
      "each": "list",
      "provider": "provider.aws",
      "instances": []
    },
    {
      "module": "module.vpc",
      "mode": "managed",
      "type": "aws_vpc_endpoint",
      "name": "codecommit",
      "each": "list",
      "provider": "provider.aws",
      "instances": []
    },
    {
      "module": "module.vpc",
      "mode": "managed",
      "type": "aws_vpc_endpoint",
      "name": "codepipeline",
      "each": "list",
      "provider": "provider.aws",
      "instances": []
    },
    {
      "module": "module.vpc",
      "mode": "managed",
      "type": "aws_vpc_endpoint",
      "name": "config",
      "each": "list",
      "provider": "provider.aws",
      "instances": []
    },
    {
      "module": "module.vpc",
      "mode": "managed",
      "type": "aws_vpc_endpoint",
      "name": "dynamodb",
      "each": "list",
      "provider": "provider.aws",
      "instances": []
    },
    {
      "module": "module.vpc",
      "mode": "managed",
      "type": "aws_vpc_endpoint",
      "name": "ec2",
      "each": "list",
      "provider": "provider.aws",
      "instances": []
    },
    {
      "module": "module.vpc",
      "mode": "managed",
      "type": "aws_vpc_endpoint",
      "name": "ec2messages",
      "each": "list",
      "provider": "provider.aws",
      "instances": []
    },
    {
      "module": "module.vpc",
      "mode": "managed",
      "type": "aws_vpc_endpoint",
      "name": "ecr_api",
      "each": "list",
      "provider": "provider.aws",
      "instances": []
    },
    {
      "module": "module.vpc",
      "mode": "managed",
      "type": "aws_vpc_endpoint",
      "name": "ecr_dkr",
      "each": "list",
      "provider": "provider.aws",
      "instances": []
    },
    {
      "module": "module.vpc",
      "mode": "managed",
      "type": "aws_vpc_endpoint",
      "name": "ecs",
      "each": "list",
      "provider": "provider.aws",
      "instances": []
    },
    {
      "module": "module.vpc",
      "mode": "managed",
      "type": "aws_vpc_endpoint",
      "name": "ecs_agent",
      "each": "list",
      "provider": "provider.aws",
      "instances": []
    },
    {
      "module": "module.vpc",
      "mode": "managed",
      "type": "aws_vpc_endpoint",
      "name": "ecs_telemetry",
      "each": "list",
      "provider": "provider.aws",
      "instances": []
    },
    {
      "module": "module.vpc",
      "mode": "managed",
      "type": "aws_vpc_endpoint",
      "name": "elasticloadbalancing",
      "each": "list",
      "provider": "provider.aws",
      "instances": []
    },
    {
      "module": "module.vpc",
      "mode": "managed",
      "type": "aws_vpc_endpoint",
      "name": "events",
      "each": "list",
      "provider": "provider.aws",
      "instances": []
    },
    {
      "module": "module.vpc",
      "mode": "managed",
      "type": "aws_vpc_endpoint",
      "name": "git_codecommit",
      "each": "list",
      "provider": "provider.aws",
      "instances": []
    },
    {
      "module": "module.vpc",
      "mode": "managed",
      "type": "aws_vpc_endpoint",
      "name": "glue",
      "each": "list",
      "provider": "provider.aws",
      "instances": []
    },
    {
      "module": "module.vpc",
      "mode": "managed",
      "type": "aws_vpc_endpoint",
      "name": "kinesis_firehose",
      "each": "list",
      "provider": "provider.aws",
      "instances": []
    },
    {
      "module": "module.vpc",
      "mode": "managed",
      "type": "aws_vpc_endpoint",
      "name": "kinesis_streams",
      "each": "list",
      "provider": "provider.aws",
      "instances": []
    },
    {
      "module": "module.vpc",
      "mode": "managed",
      "type": "aws_vpc_endpoint",
      "name": "kms",
      "each": "list",
      "provider": "provider.aws",
      "instances": []
    },
    {
      "module": "module.vpc",
      "mode": "managed",
      "type": "aws_vpc_endpoint",
      "name": "logs",
      "each": "list",
      "provider": "provider.aws",
      "instances": []
    },
    {
      "module": "module.vpc",
      "mode": "managed",
      "type": "aws_vpc_endpoint",
      "name": "monitoring",
      "each": "list",
      "provider": "provider.aws",
      "instances": []
    },
    {
      "module": "module.vpc",
      "mode": "managed",
      "type": "aws_vpc_endpoint",
      "name": "rekognition",
      "each": "list",
      "provider": "provider.aws",
      "instances": []
    },
    {
      "module": "module.vpc",
      "mode": "managed",
      "type": "aws_vpc_endpoint",
      "name": "s3",
      "each": "list",
      "provider": "provider.aws",
      "instances": []
    },
    {
      "module": "module.vpc",
      "mode": "managed",
      "type": "aws_vpc_endpoint",
      "name": "sagemaker_api",
      "each": "list",
      "provider": "provider.aws",
      "instances": []
    },
    {
      "module": "module.vpc",
      "mode": "managed",
      "type": "aws_vpc_endpoint",
      "name": "sagemaker_notebook",
      "each": "list",
      "provider": "provider.aws",
      "instances": []
    },
    {
      "module": "module.vpc",
      "mode": "managed",
      "type": "aws_vpc_endpoint",
      "name": "sagemaker_runtime",
      "each": "list",
      "provider": "provider.aws",
      "instances": []
    },
    {
      "module": "module.vpc",
      "mode": "managed",
      "type": "aws_vpc_endpoint",
      "name": "secretsmanager",
      "each": "list",
      "provider": "provider.aws",
      "instances": []
    },
    {
      "module": "module.vpc",
      "mode": "managed",
      "type": "aws_vpc_endpoint",
      "name": "servicecatalog",
      "each": "list",
      "provider": "provider.aws",
      "instances": []
    },
    {
      "module": "module.vpc",
      "mode": "managed",
      "type": "aws_vpc_endpoint",
      "name": "sns",
      "each": "list",
      "provider": "provider.aws",
      "instances": []
    },
    {
      "module": "module.vpc",
      "mode": "managed",
      "type": "aws_vpc_endpoint",
      "name": "sqs",
      "each": "list",
      "provider": "provider.aws",
      "instances": []
    },
    {
      "module": "module.vpc",
      "mode": "managed",
      "type": "aws_vpc_endpoint",
      "name": "ssm",
      "each": "list",
      "provider": "provider.aws",
      "instances": []
    },
    {
      "module": "module.vpc",
      "mode": "managed",
      "type": "aws_vpc_endpoint",
      "name": "ssmmessages",
      "each": "list",
      "provider": "provider.aws",
      "instances": []
    },
    {
      "module": "module.vpc",
      "mode": "managed",
      "type": "aws_vpc_endpoint",
      "name": "storagegateway",
      "each": "list",
      "provider": "provider.aws",
      "instances": []
    },
    {
      "module": "module.vpc",
      "mode": "managed",
      "type": "aws_vpc_endpoint",
      "name": "sts",
      "each": "list",
      "provider": "provider.aws",
      "instances": []
    },
    {
      "module": "module.vpc",
      "mode": "managed",
      "type": "aws_vpc_endpoint",
      "name": "transfer",
      "each": "list",
      "provider": "provider.aws",
      "instances": []
    },
    {
      "module": "module.vpc",
      "mode": "managed",
      "type": "aws_vpc_endpoint",
      "name": "transferserver",
      "each": "list",
      "provider": "provider.aws",
      "instances": []
    },
    {
      "module": "module.vpc",
      "mode": "managed",
      "type": "aws_vpc_endpoint_route_table_association",
      "name": "intra_dynamodb",
      "each": "list",
      "provider": "provider.aws",
      "instances": []
    },
    {
      "module": "module.vpc",
      "mode": "managed",
      "type": "aws_vpc_endpoint_route_table_association",
      "name": "intra_s3",
      "each": "list",
      "provider": "provider.aws",
      "instances": []
    },
    {
      "module": "module.vpc",
      "mode": "managed",
      "type": "aws_vpc_endpoint_route_table_association",
      "name": "private_dynamodb",
      "each": "list",
      "provider": "provider.aws",
      "instances": []
    },
    {
      "module": "module.vpc",
      "mode": "managed",
      "type": "aws_vpc_endpoint_route_table_association",
      "name": "private_s3",
      "each": "list",
      "provider": "provider.aws",
      "instances": []
    },
    {
      "module": "module.vpc",
      "mode": "managed",
      "type": "aws_vpc_endpoint_route_table_association",
      "name": "public_dynamodb",
      "each": "list",
      "provider": "provider.aws",
      "instances": []
    },
    {
      "module": "module.vpc",
      "mode": "managed",
      "type": "aws_vpc_endpoint_route_table_association",
      "name": "public_s3",
      "each": "list",
      "provider": "provider.aws",
      "instances": []
    },
    {
      "module": "module.vpc",
      "mode": "managed",
      "type": "aws_vpc_ipv4_cidr_block_association",
      "name": "this",
      "each": "list",
      "provider": "provider.aws",
      "instances": []
    },
    {
      "module": "module.vpc",
      "mode": "managed",
      "type": "aws_vpn_gateway",
      "name": "this",
      "each": "list",
      "provider": "provider.aws",
      "instances": []
    },
    {
      "module": "module.vpc",
      "mode": "managed",
      "type": "aws_vpn_gateway_attachment",
      "name": "this",
      "each": "list",
      "provider": "provider.aws",
      "instances": []
    },
    {
      "module": "module.vpc",
      "mode": "managed",
      "type": "aws_vpn_gateway_route_propagation",
      "name": "private",
      "each": "list",
      "provider": "provider.aws",
      "instances": []
    },
    {
      "module": "module.vpc",
      "mode": "managed",
      "type": "aws_vpn_gateway_route_propagation",
      "name": "public",
      "each": "list",
      "provider": "provider.aws",
      "instances": []
    },
    {
      "module": "module.cluster-1",
      "mode": "managed",
      "type": "local_file",
      "name": "config_map_aws_auth",
      "each": "list",
      "provider": "provider.local",
      "instances": [
        {
          "index_key": 0,
          "schema_version": 0,
          "attributes": {
            "content": "apiVersion: v1\nkind: ConfigMap\nmetadata:\n  name: aws-auth\n  namespace: kube-system\ndata:\n  mapRoles: |\n    - rolearn: arn:aws:iam::766514749351:role/cloudskiff-eks-Q7YF9Qax20200311104945278600000005\n      username: system:node:{{EC2PrivateDNSName}}\n      groups:\n        - system:bootstrappers\n        - system:nodes\n\n  \n  \n  \n",
            "content_base64": null,
            "directory_permission": "0777",
            "file_permission": "0777",
            "filename": "./config-map-aws-auth_cloudskiff-eks-Q7YF9Qax.yaml",
            "id": "b4223188fccda2e2b559b5e24549946c0bc5703d",
            "sensitive_content": null
          },
          "private": "bnVsbA==",
          "dependencies": [
            "aws_key_pair.admin",
            "module.cluster-1.aws_cloudwatch_log_group.this",
            "module.cluster-1.aws_eks_cluster.this",
            "module.cluster-1.aws_iam_instance_profile.workers",
            "module.cluster-1.aws_iam_role.cluster",
            "module.cluster-1.aws_iam_role.workers",
            "module.cluster-1.aws_iam_role_policy_attachment.cluster_AmazonEKSClusterPolicy",
            "module.cluster-1.aws_iam_role_policy_attachment.cluster_AmazonEKSServicePolicy",
            "module.cluster-1.aws_security_group.cluster",
            "module.vpc.aws_subnet.private",
            "module.vpc.aws_vpc.this",
            "module.vpc.aws_vpc_ipv4_cidr_block_association.this",
            "random_string.suffix"
          ]
        }
      ]
    },
    {
      "module": "module.cluster-1",
      "mode": "managed",
      "type": "local_file",
      "name": "kubeconfig",
      "each": "list",
      "provider": "provider.local",
      "instances": [
        {
          "index_key": 0,
          "schema_version": 0,
          "attributes": {
            "content": "apiVersion: v1\npreferences: {}\nkind: Config\n\nclusters:\n- cluster:\n    server: https://90E794528281A25281D9F3762502DDB3.gr7.eu-central-1.eks.amazonaws.com\n    certificate-authority-data: LS0tLS1CRUdJTiBDRVJUSUZJQ0FURS0tLS0tCk1JSUN5RENDQWJDZ0F3SUJBZ0lCQURBTkJna3Foa2lHOXcwQkFRc0ZBREFWTVJNd0VRWURWUVFERXdwcmRXSmwKY201bGRHVnpNQjRYRFRJd01ETXhNVEV3TkRjeU0xb1hEVE13TURNd09URXdORGN5TTFvd0ZURVRNQkVHQTFVRQpBeE1LYTNWaVpYSnVaWFJsY3pDQ0FTSXdEUVlKS29aSWh2Y05BUUVCQlFBRGdnRVBBRENDQVFvQ2dnRUJBSy8wCjNkSzlJYlRkNmExNHFwL2dsb1Y2NUxPdGU0ZVNPUDBDTHNVSFF5VUsvcDBCRW1iWDNKQWFWTDBOcmdyVXY4TnIKOVZIZFJWM2ozRTYxVTFCUnM5U2NXYVBzakMxbUFLMTJ2RjdTaUNEc3Nva1VLOHhhclJ2Z2JVOFRWNDRNK2M5MAo5RnNic0dXSU9Wb292MjZ4bEV6S0E5WEFIU1FlSUhOYzk0OU1TaGkzRzZjZjZodGFWNndSMlVERWdVV3FWU2F3CnRMbjh1UUFYeTNXTTJQMFkzNllGWHROOSs5MzNGRmFrSm5jbUZCRGNremFlU0E1TFFlNUcrbHFBQzl3dkxyWUsKS1ZyQmhmU2VjanlyVXB4anFUWXJCeEJSV2lsckY1R2FzaEpFRTVrbmd1djVxVFZIclE3Y0Y0SlBtZVpENTM2Rwp2VjZkVFpqYUU5cU5pU0dSUEprQ0F3RUFBYU1qTUNFd0RnWURWUjBQQVFIL0JBUURBZ0trTUE4R0ExVWRFd0VCCi93UUZNQU1CQWY4d0RRWUpLb1pJaHZjTkFRRUxCUUFEZ2dFQkFFQ2FtYUFIeklaNEE5SGt3cnhrQXVaUE9tOEwKSEhUeGhmcUo4bUZvMnZPSFdEdmpOcWdJbHN6TXhCanowZ3FlQ0lhRVc0TVYzZW1taGVlTHJRd0xsamdhR2toWgpRL1IzMGlUMUNnb2VWR3MzRTN1QStpTHZPTHdsbk04cmw5MkdYOHFBV2VTMittZ2Zjd0NDM0YwV1h3c2tyekJ5CmRiMWVibW5wYXhQbUJGMW5veUZaVDlNandqSFRxNnVqZUErSWI1enFldWgya1l4MElCWFFaUmdLZmFHcUhuazgKdEZIWGhsV2FyeUY4REh5clRXbGplL2owNDAyaFJuRzd4YVI5QVZIcEQyVHFycVg2aHhJTHpsTUNjQ0M2Q2VTRQpPb1dHaElzSnVpZm0vUjRYRG5YdzlZNWNJemhsb1FMckRidEduNUhCME5SS3g3K0tTbmV6ejZCejJNdz0KLS0tLS1FTkQgQ0VSVElGSUNBVEUtLS0tLQo=\n  name: eks_cloudskiff-eks-Q7YF9Qax\n\ncontexts:\n- context:\n    cluster: eks_cloudskiff-eks-Q7YF9Qax\n    user: eks_cloudskiff-eks-Q7YF9Qax\n  name: eks_cloudskiff-eks-Q7YF9Qax\n\ncurrent-context: eks_cloudskiff-eks-Q7YF9Qax\n\nusers:\n- name: eks_cloudskiff-eks-Q7YF9Qax\n  user:\n    exec:\n      apiVersion: client.authentication.k8s.io/v1alpha1\n      command: aws-iam-authenticator\n      args:\n        - \"token\"\n        - \"-i\"\n        - \"cloudskiff-eks-Q7YF9Qax\"\n\n\n",
            "content_base64": null,
            "directory_permission": "0777",
            "file_permission": "0777",
            "filename": "./kubeconfig_cloudskiff-eks-Q7YF9Qax",
            "id": "a0ac426c8ff62e66cf27214ecbb5efcde78bbe02",
            "sensitive_content": null
          },
          "private": "bnVsbA==",
          "dependencies": [
            "module.cluster-1.aws_cloudwatch_log_group.this",
            "module.cluster-1.aws_eks_cluster.this",
            "module.cluster-1.aws_iam_role.cluster",
            "module.cluster-1.aws_iam_role_policy_attachment.cluster_AmazonEKSClusterPolicy",
            "module.cluster-1.aws_iam_role_policy_attachment.cluster_AmazonEKSServicePolicy",
            "module.cluster-1.aws_security_group.cluster",
            "module.vpc.aws_subnet.private",
            "module.vpc.aws_vpc.this",
            "module.vpc.aws_vpc_ipv4_cidr_block_association.this",
            "random_string.suffix"
          ]
        }
      ]
    },
    {
      "module": "module.cluster-1",
      "mode": "managed",
      "type": "null_resource",
      "name": "update_config_map_aws_auth",
      "each": "list",
      "provider": "provider.null",
      "instances": [
        {
          "index_key": 0,
          "schema_version": 0,
          "attributes": {
            "id": "761476721275308492",
            "triggers": {
              "config_map_rendered": "apiVersion: v1\nkind: ConfigMap\nmetadata:\n  name: aws-auth\n  namespace: kube-system\ndata:\n  mapRoles: |\n    - rolearn: arn:aws:iam::766514749351:role/cloudskiff-eks-Q7YF9Qax20200311104945278600000005\n      username: system:node:{{EC2PrivateDNSName}}\n      groups:\n        - system:bootstrappers\n        - system:nodes\n\n  \n  \n  \n",
              "endpoint": "https://90E794528281A25281D9F3762502DDB3.gr7.eu-central-1.eks.amazonaws.com",
              "kube_config_map_rendered": "apiVersion: v1\npreferences: {}\nkind: Config\n\nclusters:\n- cluster:\n    server: https://90E794528281A25281D9F3762502DDB3.gr7.eu-central-1.eks.amazonaws.com\n    certificate-authority-data: LS0tLS1CRUdJTiBDRVJUSUZJQ0FURS0tLS0tCk1JSUN5RENDQWJDZ0F3SUJBZ0lCQURBTkJna3Foa2lHOXcwQkFRc0ZBREFWTVJNd0VRWURWUVFERXdwcmRXSmwKY201bGRHVnpNQjRYRFRJd01ETXhNVEV3TkRjeU0xb1hEVE13TURNd09URXdORGN5TTFvd0ZURVRNQkVHQTFVRQpBeE1LYTNWaVpYSnVaWFJsY3pDQ0FTSXdEUVlKS29aSWh2Y05BUUVCQlFBRGdnRVBBRENDQVFvQ2dnRUJBSy8wCjNkSzlJYlRkNmExNHFwL2dsb1Y2NUxPdGU0ZVNPUDBDTHNVSFF5VUsvcDBCRW1iWDNKQWFWTDBOcmdyVXY4TnIKOVZIZFJWM2ozRTYxVTFCUnM5U2NXYVBzakMxbUFLMTJ2RjdTaUNEc3Nva1VLOHhhclJ2Z2JVOFRWNDRNK2M5MAo5RnNic0dXSU9Wb292MjZ4bEV6S0E5WEFIU1FlSUhOYzk0OU1TaGkzRzZjZjZodGFWNndSMlVERWdVV3FWU2F3CnRMbjh1UUFYeTNXTTJQMFkzNllGWHROOSs5MzNGRmFrSm5jbUZCRGNremFlU0E1TFFlNUcrbHFBQzl3dkxyWUsKS1ZyQmhmU2VjanlyVXB4anFUWXJCeEJSV2lsckY1R2FzaEpFRTVrbmd1djVxVFZIclE3Y0Y0SlBtZVpENTM2Rwp2VjZkVFpqYUU5cU5pU0dSUEprQ0F3RUFBYU1qTUNFd0RnWURWUjBQQVFIL0JBUURBZ0trTUE4R0ExVWRFd0VCCi93UUZNQU1CQWY4d0RRWUpLb1pJaHZjTkFRRUxCUUFEZ2dFQkFFQ2FtYUFIeklaNEE5SGt3cnhrQXVaUE9tOEwKSEhUeGhmcUo4bUZvMnZPSFdEdmpOcWdJbHN6TXhCanowZ3FlQ0lhRVc0TVYzZW1taGVlTHJRd0xsamdhR2toWgpRL1IzMGlUMUNnb2VWR3MzRTN1QStpTHZPTHdsbk04cmw5MkdYOHFBV2VTMittZ2Zjd0NDM0YwV1h3c2tyekJ5CmRiMWVibW5wYXhQbUJGMW5veUZaVDlNandqSFRxNnVqZUErSWI1enFldWgya1l4MElCWFFaUmdLZmFHcUhuazgKdEZIWGhsV2FyeUY4REh5clRXbGplL2owNDAyaFJuRzd4YVI5QVZIcEQyVHFycVg2aHhJTHpsTUNjQ0M2Q2VTRQpPb1dHaElzSnVpZm0vUjRYRG5YdzlZNWNJemhsb1FMckRidEduNUhCME5SS3g3K0tTbmV6ejZCejJNdz0KLS0tLS1FTkQgQ0VSVElGSUNBVEUtLS0tLQo=\n  name: eks_cloudskiff-eks-Q7YF9Qax\n\ncontexts:\n- context:\n    cluster: eks_cloudskiff-eks-Q7YF9Qax\n    user: eks_cloudskiff-eks-Q7YF9Qax\n  name: eks_cloudskiff-eks-Q7YF9Qax\n\ncurrent-context: eks_cloudskiff-eks-Q7YF9Qax\n\nusers:\n- name: eks_cloudskiff-eks-Q7YF9Qax\n  user:\n    exec:\n      apiVersion: client.authentication.k8s.io/v1alpha1\n      command: aws-iam-authenticator\n      args:\n        - \"token\"\n        - \"-i\"\n        - \"cloudskiff-eks-Q7YF9Qax\"\n\n\n"
            }
          },
          "private": "bnVsbA==",
          "dependencies": [
            "aws_key_pair.admin",
            "module.cluster-1.aws_cloudwatch_log_group.this",
            "module.cluster-1.aws_eks_cluster.this",
            "module.cluster-1.aws_iam_instance_profile.workers",
            "module.cluster-1.aws_iam_role.cluster",
            "module.cluster-1.aws_iam_role.workers",
            "module.cluster-1.aws_iam_role_policy_attachment.cluster_AmazonEKSClusterPolicy",
            "module.cluster-1.aws_iam_role_policy_attachment.cluster_AmazonEKSServicePolicy",
            "module.cluster-1.aws_security_group.cluster",
            "module.vpc.aws_subnet.private",
            "module.vpc.aws_vpc.this",
            "module.vpc.aws_vpc_ipv4_cidr_block_association.this",
            "random_string.suffix"
          ]
        }
      ]
    },
    {
      "module": "module.cluster-1",
      "mode": "managed",
      "type": "random_pet",
      "name": "workers",
      "each": "list",
      "provider": "provider.random",
      "instances": [
        {
          "index_key": 0,
          "schema_version": 0,
          "attributes": {
            "id": "intent-platypus",
            "keepers": {
              "lc_name": "cloudskiff-eks-Q7YF9Qax-1.14-wg-small2020031110494766340000000d"
            },
            "length": 2,
            "prefix": null,
            "separator": "-"
          },
          "private": "bnVsbA==",
          "dependencies": [
            "aws_key_pair.admin",
            "module.cluster-1.aws_cloudwatch_log_group.this",
            "module.cluster-1.aws_eks_cluster.this",
            "module.cluster-1.aws_iam_instance_profile.workers",
            "module.cluster-1.aws_iam_role.cluster",
            "module.cluster-1.aws_iam_role.workers",
            "module.cluster-1.aws_iam_role_policy_attachment.cluster_AmazonEKSClusterPolicy",
            "module.cluster-1.aws_iam_role_policy_attachment.cluster_AmazonEKSServicePolicy",
            "module.cluster-1.aws_launch_configuration.workers",
            "module.cluster-1.aws_security_group.cluster",
            "module.cluster-1.aws_security_group.workers",
            "module.vpc.aws_subnet.private",
            "module.vpc.aws_vpc.this",
            "module.vpc.aws_vpc_ipv4_cidr_block_association.this",
            "random_string.suffix"
          ]
        }
      ]
    },
    {
      "module": "module.cluster-1",
      "mode": "managed",
      "type": "random_pet",
      "name": "workers_launch_template",
      "each": "list",
      "provider": "provider.random",
      "instances": []
    },
    {
      "mode": "managed",
      "type": "random_string",
      "name": "suffix",
      "provider": "provider.random",
      "instances": [
        {
          "schema_version": 1,
          "attributes": {
            "id": "Q7YF9Qax",
            "keepers": null,
            "length": 8,
            "lower": true,
            "min_lower": 0,
            "min_numeric": 0,
            "min_special": 0,
            "min_upper": 0,
            "number": true,
            "override_special": null,
            "result": "Q7YF9Qax",
            "special": false,
            "upper": true
          },
          "private": "eyJzY2hlbWFfdmVyc2lvbiI6IjEifQ=="
        }
      ]
    }
  ]
}
